
Microsoft Visual Studio Solution File, Format Version 12.00
# Visual Studio Version 17
VisualStudioVersion = 17.0.31903.59
MinimumVisualStudioVersion = 10.0.40219.1
Project("{FAE04EC0-301F-11D3-BF4B-00C04F79EFBC}") = "Ex01", "Ex01\Ex01.csproj", "{E64F9505-35B4-4E85-A8F0-3A2B88E63C8F}"
EndProject
Project("{FAE04EC0-301F-11D3-BF4B-00C04F79EFBC}") = "Ex02", "Ex02\Ex02.csproj", "{8ED13832-762A-40D0-B7D6-6D4FD8CA18CC}"
EndProject
Project("{FAE04EC0-301F-11D3-BF4B-00C04F79EFBC}") = "Ex03", "Ex03\Ex03.csproj", "{0F50174D-786A-4ACB-B8F8-D76BC0A8F013}"
EndProject
Project("{FAE04EC0-301F-11D3-BF4B-00C04F79EFBC}") = "Ex04", "Ex04\Ex04.csproj", "{C9EF533F-BE71-4286-8585-C6F6046BC864}"
EndProject
Project("{FAE04EC0-301F-11D3-BF4B-00C04F79EFBC}") = "Ex05", "Ex05\Ex05.csproj", "{57762914-94DC-4AC9-86A0-99AD33100D16}"
EndProject
Project("{FAE04EC0-301F-11D3-BF4B-00C04F79EFBC}") = "Ex06", "Ex06\Ex06.csproj", "{4B8FBCE3-BAEF-41A7-8CD8-1F73165F0D99}"
EndProject
Project("{FAE04EC0-301F-11D3-BF4B-00C04F79EFBC}") = "Ex00", "Ex00\Ex00.csproj", "{8207CB85-F086-4D50-8BBE-F6FE37797814}"
EndProject
Project("{FAE04EC0-301F-11D3-BF4B-00C04F79EFBC}") = "Ex07", "Ex07\Ex07.csproj", "{8184D6BE-3229-415B-A24D-C755807BB3CE}"
EndProject
Project("{FAE04EC0-301F-11D3-BF4B-00C04F79EFBC}") = "Ex08", "Ex08\Ex08.csproj", "{C7DD7356-7EAB-47DF-A8EA-7F4EA9BB2CE7}"
EndProject
Project("{FAE04EC0-301F-11D3-BF4B-00C04F79EFBC}") = "Ex09", "Ex09\Ex09.csproj", "{596BB92C-9211-435F-878D-B398E31A2B2D}"
EndProject
Project("{FAE04EC0-301F-11D3-BF4B-00C04F79EFBC}") = "Ex10", "Ex10\Ex10.csproj", "{1216DC50-63F6-4616-9EC3-451BC628D646}"
EndProject
Project("{FAE04EC0-301F-11D3-BF4B-00C04F79EFBC}") = "Ex11", "Ex11\Ex11.csproj", "{EBCE81BF-2A09-4F9D-B261-22E52F3F1160}"
EndProject
Project("{FAE04EC0-301F-11D3-BF4B-00C04F79EFBC}") = "Ex12", "Ex12\Ex12.csproj", "{24EC448C-A0FB-49B5-8CBE-EAFED05BD087}"
EndProject
Project("{FAE04EC0-301F-11D3-BF4B-00C04F79EFBC}") = "Ex13", "Ex13\Ex13.csproj", "{CBE44162-DE0E-4F78-BB41-B9AA72A65659}"
EndProject
Project("{FAE04EC0-301F-11D3-BF4B-00C04F79EFBC}") = "Ex14", "Ex14\Ex14.csproj", "{B137121E-1795-4947-B2E6-471E90756C7F}"
EndProject
Project("{FAE04EC0-301F-11D3-BF4B-00C04F79EFBC}") = "Ex15", "Ex15\Ex15.csproj", "{A27FE63E-4EDB-41E4-A49D-4A48C9E32F1C}"
EndProject
Project("{FAE04EC0-301F-11D3-BF4B-00C04F79EFBC}") = "Ex16", "Ex16\Ex16.csproj", "{84C1E467-68C2-42B9-9E3D-FB618C15B8CE}"
EndProject
Project("{FAE04EC0-301F-11D3-BF4B-00C04F79EFBC}") = "Ex17", "Ex17\Ex17.csproj", "{636B0D2C-BEF0-4757-9647-6B0CE558B958}"
EndProject
Project("{FAE04EC0-301F-11D3-BF4B-00C04F79EFBC}") = "E18", "E18\E18.csproj", "{BCEA077B-75BF-4CFC-BE5A-03BB87C97704}"
EndProject
Project("{FAE04EC0-301F-11D3-BF4B-00C04F79EFBC}") = "Ex19", "Ex19\Ex19.csproj", "{45A08DCB-B017-49AC-B84A-5E4A25399012}"
EndProject
Project("{FAE04EC0-301F-11D3-BF4B-00C04F79EFBC}") = "Ex20", "Ex20\Ex20.csproj", "{3B48E94E-A7FA-4FD3-9B61-0341DE08E644}"
EndProject
Project("{FAE04EC0-301F-11D3-BF4B-00C04F79EFBC}") = "Ex21", "Ex21\Ex21.csproj", "{68259C93-F061-4331-B06E-D8F18757D7E9}"
EndProject
Project("{FAE04EC0-301F-11D3-BF4B-00C04F79EFBC}") = "Ex22", "Ex22\Ex22.csproj", "{C7E09230-8FA9-4C20-A838-F2F20427D9A6}"
EndProject
Project("{FAE04EC0-301F-11D3-BF4B-00C04F79EFBC}") = "Ex23", "Ex23\Ex23.csproj", "{8C1B36B5-E310-47D8-855F-317891D43B8B}"
EndProject
Project("{FAE04EC0-301F-11D3-BF4B-00C04F79EFBC}") = "Ex24", "Ex24\Ex24.csproj", "{97F57DD2-BAAB-467E-A438-C03C3ED004EA}"
EndProject
Project("{FAE04EC0-301F-11D3-BF4B-00C04F79EFBC}") = "Ex25", "Ex25\Ex25.csproj", "{94D813EB-E2D1-4E91-ADAB-8A7AB750975B}"
EndProject
Project("{FAE04EC0-301F-11D3-BF4B-00C04F79EFBC}") = "Ex26", "Ex26\Ex26.csproj", "{46C1C3B3-DB43-4C14-8116-1B8535D41A8C}"
EndProject
Project("{FAE04EC0-301F-11D3-BF4B-00C04F79EFBC}") = "Ex27", "Ex27\Ex27.csproj", "{9CB1E4FE-C7ED-4627-B8D8-F4215D4EED76}"
EndProject
Global
	GlobalSection(SolutionConfigurationPlatforms) = preSolution
		Debug|Any CPU = Debug|Any CPU
		Release|Any CPU = Release|Any CPU
	EndGlobalSection
	GlobalSection(SolutionProperties) = preSolution
		HideSolutionNode = FALSE
	EndGlobalSection
	GlobalSection(ProjectConfigurationPlatforms) = postSolution
		{E64F9505-35B4-4E85-A8F0-3A2B88E63C8F}.Debug|Any CPU.ActiveCfg = Debug|Any CPU
		{E64F9505-35B4-4E85-A8F0-3A2B88E63C8F}.Debug|Any CPU.Build.0 = Debug|Any CPU
		{E64F9505-35B4-4E85-A8F0-3A2B88E63C8F}.Release|Any CPU.ActiveCfg = Release|Any CPU
		{E64F9505-35B4-4E85-A8F0-3A2B88E63C8F}.Release|Any CPU.Build.0 = Release|Any CPU
		{8ED13832-762A-40D0-B7D6-6D4FD8CA18CC}.Debug|Any CPU.ActiveCfg = Debug|Any CPU
		{8ED13832-762A-40D0-B7D6-6D4FD8CA18CC}.Debug|Any CPU.Build.0 = Debug|Any CPU
		{8ED13832-762A-40D0-B7D6-6D4FD8CA18CC}.Release|Any CPU.ActiveCfg = Release|Any CPU
		{8ED13832-762A-40D0-B7D6-6D4FD8CA18CC}.Release|Any CPU.Build.0 = Release|Any CPU
		{0F50174D-786A-4ACB-B8F8-D76BC0A8F013}.Debug|Any CPU.ActiveCfg = Debug|Any CPU
		{0F50174D-786A-4ACB-B8F8-D76BC0A8F013}.Debug|Any CPU.Build.0 = Debug|Any CPU
		{0F50174D-786A-4ACB-B8F8-D76BC0A8F013}.Release|Any CPU.ActiveCfg = Release|Any CPU
		{0F50174D-786A-4ACB-B8F8-D76BC0A8F013}.Release|Any CPU.Build.0 = Release|Any CPU
		{C9EF533F-BE71-4286-8585-C6F6046BC864}.Debug|Any CPU.ActiveCfg = Debug|Any CPU
		{C9EF533F-BE71-4286-8585-C6F6046BC864}.Debug|Any CPU.Build.0 = Debug|Any CPU
		{C9EF533F-BE71-4286-8585-C6F6046BC864}.Release|Any CPU.ActiveCfg = Release|Any CPU
		{C9EF533F-BE71-4286-8585-C6F6046BC864}.Release|Any CPU.Build.0 = Release|Any CPU
		{57762914-94DC-4AC9-86A0-99AD33100D16}.Debug|Any CPU.ActiveCfg = Debug|Any CPU
		{57762914-94DC-4AC9-86A0-99AD33100D16}.Debug|Any CPU.Build.0 = Debug|Any CPU
		{57762914-94DC-4AC9-86A0-99AD33100D16}.Release|Any CPU.ActiveCfg = Release|Any CPU
		{57762914-94DC-4AC9-86A0-99AD33100D16}.Release|Any CPU.Build.0 = Release|Any CPU
		{4B8FBCE3-BAEF-41A7-8CD8-1F73165F0D99}.Debug|Any CPU.ActiveCfg = Debug|Any CPU
		{4B8FBCE3-BAEF-41A7-8CD8-1F73165F0D99}.Debug|Any CPU.Build.0 = Debug|Any CPU
		{4B8FBCE3-BAEF-41A7-8CD8-1F73165F0D99}.Release|Any CPU.ActiveCfg = Release|Any CPU
		{4B8FBCE3-BAEF-41A7-8CD8-1F73165F0D99}.Release|Any CPU.Build.0 = Release|Any CPU
		{8207CB85-F086-4D50-8BBE-F6FE37797814}.Debug|Any CPU.ActiveCfg = Debug|Any CPU
		{8207CB85-F086-4D50-8BBE-F6FE37797814}.Debug|Any CPU.Build.0 = Debug|Any CPU
		{8207CB85-F086-4D50-8BBE-F6FE37797814}.Release|Any CPU.ActiveCfg = Release|Any CPU
		{8207CB85-F086-4D50-8BBE-F6FE37797814}.Release|Any CPU.Build.0 = Release|Any CPU
		{8184D6BE-3229-415B-A24D-C755807BB3CE}.Debug|Any CPU.ActiveCfg = Debug|Any CPU
		{8184D6BE-3229-415B-A24D-C755807BB3CE}.Debug|Any CPU.Build.0 = Debug|Any CPU
		{8184D6BE-3229-415B-A24D-C755807BB3CE}.Release|Any CPU.ActiveCfg = Release|Any CPU
		{8184D6BE-3229-415B-A24D-C755807BB3CE}.Release|Any CPU.Build.0 = Release|Any CPU
		{C7DD7356-7EAB-47DF-A8EA-7F4EA9BB2CE7}.Debug|Any CPU.ActiveCfg = Debug|Any CPU
		{C7DD7356-7EAB-47DF-A8EA-7F4EA9BB2CE7}.Debug|Any CPU.Build.0 = Debug|Any CPU
		{C7DD7356-7EAB-47DF-A8EA-7F4EA9BB2CE7}.Release|Any CPU.ActiveCfg = Release|Any CPU
		{C7DD7356-7EAB-47DF-A8EA-7F4EA9BB2CE7}.Release|Any CPU.Build.0 = Release|Any CPU
		{596BB92C-9211-435F-878D-B398E31A2B2D}.Debug|Any CPU.ActiveCfg = Debug|Any CPU
		{596BB92C-9211-435F-878D-B398E31A2B2D}.Debug|Any CPU.Build.0 = Debug|Any CPU
		{596BB92C-9211-435F-878D-B398E31A2B2D}.Release|Any CPU.ActiveCfg = Release|Any CPU
		{596BB92C-9211-435F-878D-B398E31A2B2D}.Release|Any CPU.Build.0 = Release|Any CPU
		{1216DC50-63F6-4616-9EC3-451BC628D646}.Debug|Any CPU.ActiveCfg = Debug|Any CPU
		{1216DC50-63F6-4616-9EC3-451BC628D646}.Debug|Any CPU.Build.0 = Debug|Any CPU
		{1216DC50-63F6-4616-9EC3-451BC628D646}.Release|Any CPU.ActiveCfg = Release|Any CPU
		{1216DC50-63F6-4616-9EC3-451BC628D646}.Release|Any CPU.Build.0 = Release|Any CPU
		{EBCE81BF-2A09-4F9D-B261-22E52F3F1160}.Debug|Any CPU.ActiveCfg = Debug|Any CPU
		{EBCE81BF-2A09-4F9D-B261-22E52F3F1160}.Debug|Any CPU.Build.0 = Debug|Any CPU
		{EBCE81BF-2A09-4F9D-B261-22E52F3F1160}.Release|Any CPU.ActiveCfg = Release|Any CPU
		{EBCE81BF-2A09-4F9D-B261-22E52F3F1160}.Release|Any CPU.Build.0 = Release|Any CPU
		{24EC448C-A0FB-49B5-8CBE-EAFED05BD087}.Debug|Any CPU.ActiveCfg = Debug|Any CPU
		{24EC448C-A0FB-49B5-8CBE-EAFED05BD087}.Debug|Any CPU.Build.0 = Debug|Any CPU
		{24EC448C-A0FB-49B5-8CBE-EAFED05BD087}.Release|Any CPU.ActiveCfg = Release|Any CPU
		{24EC448C-A0FB-49B5-8CBE-EAFED05BD087}.Release|Any CPU.Build.0 = Release|Any CPU
		{CBE44162-DE0E-4F78-BB41-B9AA72A65659}.Debug|Any CPU.ActiveCfg = Debug|Any CPU
		{CBE44162-DE0E-4F78-BB41-B9AA72A65659}.Debug|Any CPU.Build.0 = Debug|Any CPU
		{CBE44162-DE0E-4F78-BB41-B9AA72A65659}.Release|Any CPU.ActiveCfg = Release|Any CPU
		{CBE44162-DE0E-4F78-BB41-B9AA72A65659}.Release|Any CPU.Build.0 = Release|Any CPU
		{B137121E-1795-4947-B2E6-471E90756C7F}.Debug|Any CPU.ActiveCfg = Debug|Any CPU
		{B137121E-1795-4947-B2E6-471E90756C7F}.Debug|Any CPU.Build.0 = Debug|Any CPU
		{B137121E-1795-4947-B2E6-471E90756C7F}.Release|Any CPU.ActiveCfg = Release|Any CPU
		{B137121E-1795-4947-B2E6-471E90756C7F}.Release|Any CPU.Build.0 = Release|Any CPU
		{A27FE63E-4EDB-41E4-A49D-4A48C9E32F1C}.Debug|Any CPU.ActiveCfg = Debug|Any CPU
		{A27FE63E-4EDB-41E4-A49D-4A48C9E32F1C}.Debug|Any CPU.Build.0 = Debug|Any CPU
		{A27FE63E-4EDB-41E4-A49D-4A48C9E32F1C}.Release|Any CPU.ActiveCfg = Release|Any CPU
		{A27FE63E-4EDB-41E4-A49D-4A48C9E32F1C}.Release|Any CPU.Build.0 = Release|Any CPU
		{84C1E467-68C2-42B9-9E3D-FB618C15B8CE}.Debug|Any CPU.ActiveCfg = Debug|Any CPU
		{84C1E467-68C2-42B9-9E3D-FB618C15B8CE}.Debug|Any CPU.Build.0 = Debug|Any CPU
		{84C1E467-68C2-42B9-9E3D-FB618C15B8CE}.Release|Any CPU.ActiveCfg = Release|Any CPU
		{84C1E467-68C2-42B9-9E3D-FB618C15B8CE}.Release|Any CPU.Build.0 = Release|Any CPU
		{636B0D2C-BEF0-4757-9647-6B0CE558B958}.Debug|Any CPU.ActiveCfg = Debug|Any CPU
		{636B0D2C-BEF0-4757-9647-6B0CE558B958}.Debug|Any CPU.Build.0 = Debug|Any CPU
		{636B0D2C-BEF0-4757-9647-6B0CE558B958}.Release|Any CPU.ActiveCfg = Release|Any CPU
		{636B0D2C-BEF0-4757-9647-6B0CE558B958}.Release|Any CPU.Build.0 = Release|Any CPU
		{BCEA077B-75BF-4CFC-BE5A-03BB87C97704}.Debug|Any CPU.ActiveCfg = Debug|Any CPU
		{BCEA077B-75BF-4CFC-BE5A-03BB87C97704}.Debug|Any CPU.Build.0 = Debug|Any CPU
		{BCEA077B-75BF-4CFC-BE5A-03BB87C97704}.Release|Any CPU.ActiveCfg = Release|Any CPU
		{BCEA077B-75BF-4CFC-BE5A-03BB87C97704}.Release|Any CPU.Build.0 = Release|Any CPU
		{45A08DCB-B017-49AC-B84A-5E4A25399012}.Debug|Any CPU.ActiveCfg = Debug|Any CPU
		{45A08DCB-B017-49AC-B84A-5E4A25399012}.Debug|Any CPU.Build.0 = Debug|Any CPU
		{45A08DCB-B017-49AC-B84A-5E4A25399012}.Release|Any CPU.ActiveCfg = Release|Any CPU
		{45A08DCB-B017-49AC-B84A-5E4A25399012}.Release|Any CPU.Build.0 = Release|Any CPU
		{3B48E94E-A7FA-4FD3-9B61-0341DE08E644}.Debug|Any CPU.ActiveCfg = Debug|Any CPU
		{3B48E94E-A7FA-4FD3-9B61-0341DE08E644}.Debug|Any CPU.Build.0 = Debug|Any CPU
		{3B48E94E-A7FA-4FD3-9B61-0341DE08E644}.Release|Any CPU.ActiveCfg = Release|Any CPU
		{3B48E94E-A7FA-4FD3-9B61-0341DE08E644}.Release|Any CPU.Build.0 = Release|Any CPU
		{68259C93-F061-4331-B06E-D8F18757D7E9}.Debug|Any CPU.ActiveCfg = Debug|Any CPU
		{68259C93-F061-4331-B06E-D8F18757D7E9}.Debug|Any CPU.Build.0 = Debug|Any CPU
		{68259C93-F061-4331-B06E-D8F18757D7E9}.Release|Any CPU.ActiveCfg = Release|Any CPU
		{68259C93-F061-4331-B06E-D8F18757D7E9}.Release|Any CPU.Build.0 = Release|Any CPU
		{C7E09230-8FA9-4C20-A838-F2F20427D9A6}.Debug|Any CPU.ActiveCfg = Debug|Any CPU
		{C7E09230-8FA9-4C20-A838-F2F20427D9A6}.Debug|Any CPU.Build.0 = Debug|Any CPU
		{C7E09230-8FA9-4C20-A838-F2F20427D9A6}.Release|Any CPU.ActiveCfg = Release|Any CPU
		{C7E09230-8FA9-4C20-A838-F2F20427D9A6}.Release|Any CPU.Build.0 = Release|Any CPU
		{8C1B36B5-E310-47D8-855F-317891D43B8B}.Debug|Any CPU.ActiveCfg = Debug|Any CPU
		{8C1B36B5-E310-47D8-855F-317891D43B8B}.Debug|Any CPU.Build.0 = Debug|Any CPU
		{8C1B36B5-E310-47D8-855F-317891D43B8B}.Release|Any CPU.ActiveCfg = Release|Any CPU
		{8C1B36B5-E310-47D8-855F-317891D43B8B}.Release|Any CPU.Build.0 = Release|Any CPU
		{97F57DD2-BAAB-467E-A438-C03C3ED004EA}.Debug|Any CPU.ActiveCfg = Debug|Any CPU
		{97F57DD2-BAAB-467E-A438-C03C3ED004EA}.Debug|Any CPU.Build.0 = Debug|Any CPU
		{97F57DD2-BAAB-467E-A438-C03C3ED004EA}.Release|Any CPU.ActiveCfg = Release|Any CPU
		{97F57DD2-BAAB-467E-A438-C03C3ED004EA}.Release|Any CPU.Build.0 = Release|Any CPU
		{94D813EB-E2D1-4E91-ADAB-8A7AB750975B}.Debug|Any CPU.ActiveCfg = Debug|Any CPU
		{94D813EB-E2D1-4E91-ADAB-8A7AB750975B}.Debug|Any CPU.Build.0 = Debug|Any CPU
		{94D813EB-E2D1-4E91-ADAB-8A7AB750975B}.Release|Any CPU.ActiveCfg = Release|Any CPU
		{94D813EB-E2D1-4E91-ADAB-8A7AB750975B}.Release|Any CPU.Build.0 = Release|Any CPU
		{46C1C3B3-DB43-4C14-8116-1B8535D41A8C}.Debug|Any CPU.ActiveCfg = Debug|Any CPU
		{46C1C3B3-DB43-4C14-8116-1B8535D41A8C}.Debug|Any CPU.Build.0 = Debug|Any CPU
		{46C1C3B3-DB43-4C14-8116-1B8535D41A8C}.Release|Any CPU.ActiveCfg = Release|Any CPU
		{46C1C3B3-DB43-4C14-8116-1B8535D41A8C}.Release|Any CPU.Build.0 = Release|Any CPU
		{9CB1E4FE-C7ED-4627-B8D8-F4215D4EED76}.Debug|Any CPU.ActiveCfg = Debug|Any CPU
		{9CB1E4FE-C7ED-4627-B8D8-F4215D4EED76}.Debug|Any CPU.Build.0 = Debug|Any CPU
		{9CB1E4FE-C7ED-4627-B8D8-F4215D4EED76}.Release|Any CPU.ActiveCfg = Release|Any CPU
		{9CB1E4FE-C7ED-4627-B8D8-F4215D4EED76}.Release|Any CPU.Build.0 = Release|Any CPU
	EndGlobalSection
EndGlobal
