
Microsoft Visual Studio Solution File, Format Version 12.00
# Visual Studio Version 17
VisualStudioVersion = 17.0.31903.59
MinimumVisualStudioVersion = 10.0.40219.1
Project("{FAE04EC0-301F-11D3-BF4B-00C04F79EFBC}") = "Ex01", "Ex01\Ex01.csproj", "{421EBB3D-E7F3-4E31-8C17-ECCFFA890EEE}"
EndProject
Project("{FAE04EC0-301F-11D3-BF4B-00C04F79EFBC}") = "Ex02", "Ex02\Ex02.csproj", "{F7A8DE53-BAF0-4BC7-B728-C41D31633EA8}"
EndProject
Project("{FAE04EC0-301F-11D3-BF4B-00C04F79EFBC}") = "Ex03", "Ex03\Ex03.csproj", "{F61DA429-3911-48E1-8533-D8E9CF521121}"
EndProject
Project("{FAE04EC0-301F-11D3-BF4B-00C04F79EFBC}") = "Ex04", "Ex04\Ex04.csproj", "{98AE89FC-7F7C-44DD-820B-EE4FE23F7535}"
EndProject
Project("{FAE04EC0-301F-11D3-BF4B-00C04F79EFBC}") = "Ex05", "Ex05\Ex05.csproj", "{E1391369-3532-4F26-8D39-31A7CFF5072A}"
EndProject
Project("{FAE04EC0-301F-11D3-BF4B-00C04F79EFBC}") = "Ex06", "Ex06\Ex06.csproj", "{7A596FF5-85E1-4C19-98C0-F3DA7702A3B4}"
EndProject
Project("{FAE04EC0-301F-11D3-BF4B-00C04F79EFBC}") = "Ex07", "Ex07\Ex07.csproj", "{6753F12C-5AE3-4F5D-8CA9-D3375F382A82}"
EndProject
Project("{FAE04EC0-301F-11D3-BF4B-00C04F79EFBC}") = "Ex08", "Ex08\Ex08.csproj", "{6E01C543-E988-4BA0-87F4-6C1D36E9CBB2}"
EndProject
Project("{FAE04EC0-301F-11D3-BF4B-00C04F79EFBC}") = "Ex09", "Ex09\Ex09.csproj", "{0EF5C86A-3EAC-4B12-936B-010F6A8071A3}"
EndProject
Project("{FAE04EC0-301F-11D3-BF4B-00C04F79EFBC}") = "Ex10", "Ex10\Ex10.csproj", "{4F0DFFC0-D5F6-427E-8F53-66516525FB69}"
EndProject
Project("{FAE04EC0-301F-11D3-BF4B-00C04F79EFBC}") = "Ex11", "Ex11\Ex11.csproj", "{DAC3DEB6-5A12-4263-82BC-9AFF595EC8A6}"
EndProject
Project("{FAE04EC0-301F-11D3-BF4B-00C04F79EFBC}") = "Ex12", "Ex12\Ex12.csproj", "{72398919-8ACA-444A-8F62-A8143E2D513B}"
EndProject
Project("{FAE04EC0-301F-11D3-BF4B-00C04F79EFBC}") = "Ex13", "Ex13\Ex13.csproj", "{06A94A8E-F70C-4574-ABD3-2BBDB86CEEF5}"
EndProject
Project("{FAE04EC0-301F-11D3-BF4B-00C04F79EFBC}") = "Ex14", "Ex14\Ex14.csproj", "{0B043A0F-6E37-455D-B811-B94540AD816B}"
EndProject
Project("{FAE04EC0-301F-11D3-BF4B-00C04F79EFBC}") = "Ex15", "Ex15\Ex15.csproj", "{91C75B1A-72EC-4114-ABEE-5444FFF30909}"
EndProject
Project("{FAE04EC0-301F-11D3-BF4B-00C04F79EFBC}") = "Ex16", "Ex16\Ex16.csproj", "{6E36500E-CAEF-4634-8C13-A329EC7A9086}"
EndProject
Project("{FAE04EC0-301F-11D3-BF4B-00C04F79EFBC}") = "Ex17", "Ex17\Ex17.csproj", "{CAD8058A-C3F5-4E0D-B1C2-434A49ED8D6F}"
EndProject
Project("{FAE04EC0-301F-11D3-BF4B-00C04F79EFBC}") = "Ex18", "Ex18\Ex18.csproj", "{DB28BF24-B5FE-4ADD-9C6F-4F129E0A5CEA}"
EndProject
Project("{FAE04EC0-301F-11D3-BF4B-00C04F79EFBC}") = "Ex19", "Ex19\Ex19.csproj", "{211BF7A0-36C0-4075-8CE3-E7F67179DBD0}"
EndProject
Project("{FAE04EC0-301F-11D3-BF4B-00C04F79EFBC}") = "Ex20", "Ex20\Ex20.csproj", "{8DEC353C-3E3C-4B3D-9D06-C43039C8D1F4}"
EndProject
Project("{FAE04EC0-301F-11D3-BF4B-00C04F79EFBC}") = "Ex21", "Ex21\Ex21.csproj", "{124DE3CF-ACB2-4DF6-B406-9E9436D36CB2}"
EndProject
Project("{FAE04EC0-301F-11D3-BF4B-00C04F79EFBC}") = "Ex22", "Ex22\Ex22.csproj", "{D714A462-3544-4FE4-8365-3CBE56722D93}"
EndProject
Project("{FAE04EC0-301F-11D3-BF4B-00C04F79EFBC}") = "Ex23", "Ex23\Ex23.csproj", "{75D3E0A1-85EE-4FE3-9FF2-5FA8085E2B94}"
EndProject
Project("{FAE04EC0-301F-11D3-BF4B-00C04F79EFBC}") = "Ex24", "Ex24\Ex24.csproj", "{71BB9FC6-AA3A-418C-9063-B88D7A478987}"
EndProject
Project("{FAE04EC0-301F-11D3-BF4B-00C04F79EFBC}") = "Ex25", "Ex25\Ex25.csproj", "{22C6AF20-94AE-432A-B0D3-0866AA894B1A}"
EndProject
Project("{FAE04EC0-301F-11D3-BF4B-00C04F79EFBC}") = "Ex26", "Ex26\Ex26.csproj", "{2602100A-16ED-449E-8ADD-7A5BA4820DA1}"
EndProject
Project("{FAE04EC0-301F-11D3-BF4B-00C04F79EFBC}") = "Ex27", "Ex27\Ex27.csproj", "{2AE76D63-18B1-4736-B938-A16924AC4E09}"
EndProject
Project("{FAE04EC0-301F-11D3-BF4B-00C04F79EFBC}") = "Ex28", "Ex28\Ex28.csproj", "{6814EA27-537A-40C5-A637-DAD3A6215CF6}"
EndProject
Project("{FAE04EC0-301F-11D3-BF4B-00C04F79EFBC}") = "Ex29", "Ex29\Ex29.csproj", "{DF62EC4D-CEE2-4CE2-B4BA-DA5D59B25488}"
EndProject
Project("{FAE04EC0-301F-11D3-BF4B-00C04F79EFBC}") = "Ex30", "Ex30\Ex30.csproj", "{03FE2289-81B3-4D2A-8C8F-BE19F8F838E7}"
EndProject
Project("{FAE04EC0-301F-11D3-BF4B-00C04F79EFBC}") = "Ex31", "Ex31\Ex31.csproj", "{6C36AADF-A4C7-4998-80A0-F293D1B290E2}"
EndProject
Global
	GlobalSection(SolutionConfigurationPlatforms) = preSolution
		Debug|Any CPU = Debug|Any CPU
		Release|Any CPU = Release|Any CPU
	EndGlobalSection
	GlobalSection(SolutionProperties) = preSolution
		HideSolutionNode = FALSE
	EndGlobalSection
	GlobalSection(ProjectConfigurationPlatforms) = postSolution
		{421EBB3D-E7F3-4E31-8C17-ECCFFA890EEE}.Debug|Any CPU.ActiveCfg = Debug|Any CPU
		{421EBB3D-E7F3-4E31-8C17-ECCFFA890EEE}.Debug|Any CPU.Build.0 = Debug|Any CPU
		{421EBB3D-E7F3-4E31-8C17-ECCFFA890EEE}.Release|Any CPU.ActiveCfg = Release|Any CPU
		{421EBB3D-E7F3-4E31-8C17-ECCFFA890EEE}.Release|Any CPU.Build.0 = Release|Any CPU
		{F7A8DE53-BAF0-4BC7-B728-C41D31633EA8}.Debug|Any CPU.ActiveCfg = Debug|Any CPU
		{F7A8DE53-BAF0-4BC7-B728-C41D31633EA8}.Debug|Any CPU.Build.0 = Debug|Any CPU
		{F7A8DE53-BAF0-4BC7-B728-C41D31633EA8}.Release|Any CPU.ActiveCfg = Release|Any CPU
		{F7A8DE53-BAF0-4BC7-B728-C41D31633EA8}.Release|Any CPU.Build.0 = Release|Any CPU
		{F61DA429-3911-48E1-8533-D8E9CF521121}.Debug|Any CPU.ActiveCfg = Debug|Any CPU
		{F61DA429-3911-48E1-8533-D8E9CF521121}.Debug|Any CPU.Build.0 = Debug|Any CPU
		{F61DA429-3911-48E1-8533-D8E9CF521121}.Release|Any CPU.ActiveCfg = Release|Any CPU
		{F61DA429-3911-48E1-8533-D8E9CF521121}.Release|Any CPU.Build.0 = Release|Any CPU
		{98AE89FC-7F7C-44DD-820B-EE4FE23F7535}.Debug|Any CPU.ActiveCfg = Debug|Any CPU
		{98AE89FC-7F7C-44DD-820B-EE4FE23F7535}.Debug|Any CPU.Build.0 = Debug|Any CPU
		{98AE89FC-7F7C-44DD-820B-EE4FE23F7535}.Release|Any CPU.ActiveCfg = Release|Any CPU
		{98AE89FC-7F7C-44DD-820B-EE4FE23F7535}.Release|Any CPU.Build.0 = Release|Any CPU
		{E1391369-3532-4F26-8D39-31A7CFF5072A}.Debug|Any CPU.ActiveCfg = Debug|Any CPU
		{E1391369-3532-4F26-8D39-31A7CFF5072A}.Debug|Any CPU.Build.0 = Debug|Any CPU
		{E1391369-3532-4F26-8D39-31A7CFF5072A}.Release|Any CPU.ActiveCfg = Release|Any CPU
		{E1391369-3532-4F26-8D39-31A7CFF5072A}.Release|Any CPU.Build.0 = Release|Any CPU
		{7A596FF5-85E1-4C19-98C0-F3DA7702A3B4}.Debug|Any CPU.ActiveCfg = Debug|Any CPU
		{7A596FF5-85E1-4C19-98C0-F3DA7702A3B4}.Debug|Any CPU.Build.0 = Debug|Any CPU
		{7A596FF5-85E1-4C19-98C0-F3DA7702A3B4}.Release|Any CPU.ActiveCfg = Release|Any CPU
		{7A596FF5-85E1-4C19-98C0-F3DA7702A3B4}.Release|Any CPU.Build.0 = Release|Any CPU
		{6753F12C-5AE3-4F5D-8CA9-D3375F382A82}.Debug|Any CPU.ActiveCfg = Debug|Any CPU
		{6753F12C-5AE3-4F5D-8CA9-D3375F382A82}.Debug|Any CPU.Build.0 = Debug|Any CPU
		{6753F12C-5AE3-4F5D-8CA9-D3375F382A82}.Release|Any CPU.ActiveCfg = Release|Any CPU
		{6753F12C-5AE3-4F5D-8CA9-D3375F382A82}.Release|Any CPU.Build.0 = Release|Any CPU
		{6E01C543-E988-4BA0-87F4-6C1D36E9CBB2}.Debug|Any CPU.ActiveCfg = Debug|Any CPU
		{6E01C543-E988-4BA0-87F4-6C1D36E9CBB2}.Debug|Any CPU.Build.0 = Debug|Any CPU
		{6E01C543-E988-4BA0-87F4-6C1D36E9CBB2}.Release|Any CPU.ActiveCfg = Release|Any CPU
		{6E01C543-E988-4BA0-87F4-6C1D36E9CBB2}.Release|Any CPU.Build.0 = Release|Any CPU
		{0EF5C86A-3EAC-4B12-936B-010F6A8071A3}.Debug|Any CPU.ActiveCfg = Debug|Any CPU
		{0EF5C86A-3EAC-4B12-936B-010F6A8071A3}.Debug|Any CPU.Build.0 = Debug|Any CPU
		{0EF5C86A-3EAC-4B12-936B-010F6A8071A3}.Release|Any CPU.ActiveCfg = Release|Any CPU
		{0EF5C86A-3EAC-4B12-936B-010F6A8071A3}.Release|Any CPU.Build.0 = Release|Any CPU
		{4F0DFFC0-D5F6-427E-8F53-66516525FB69}.Debug|Any CPU.ActiveCfg = Debug|Any CPU
		{4F0DFFC0-D5F6-427E-8F53-66516525FB69}.Debug|Any CPU.Build.0 = Debug|Any CPU
		{4F0DFFC0-D5F6-427E-8F53-66516525FB69}.Release|Any CPU.ActiveCfg = Release|Any CPU
		{4F0DFFC0-D5F6-427E-8F53-66516525FB69}.Release|Any CPU.Build.0 = Release|Any CPU
		{DAC3DEB6-5A12-4263-82BC-9AFF595EC8A6}.Debug|Any CPU.ActiveCfg = Debug|Any CPU
		{DAC3DEB6-5A12-4263-82BC-9AFF595EC8A6}.Debug|Any CPU.Build.0 = Debug|Any CPU
		{DAC3DEB6-5A12-4263-82BC-9AFF595EC8A6}.Release|Any CPU.ActiveCfg = Release|Any CPU
		{DAC3DEB6-5A12-4263-82BC-9AFF595EC8A6}.Release|Any CPU.Build.0 = Release|Any CPU
		{72398919-8ACA-444A-8F62-A8143E2D513B}.Debug|Any CPU.ActiveCfg = Debug|Any CPU
		{72398919-8ACA-444A-8F62-A8143E2D513B}.Debug|Any CPU.Build.0 = Debug|Any CPU
		{72398919-8ACA-444A-8F62-A8143E2D513B}.Release|Any CPU.ActiveCfg = Release|Any CPU
		{72398919-8ACA-444A-8F62-A8143E2D513B}.Release|Any CPU.Build.0 = Release|Any CPU
		{06A94A8E-F70C-4574-ABD3-2BBDB86CEEF5}.Debug|Any CPU.ActiveCfg = Debug|Any CPU
		{06A94A8E-F70C-4574-ABD3-2BBDB86CEEF5}.Debug|Any CPU.Build.0 = Debug|Any CPU
		{06A94A8E-F70C-4574-ABD3-2BBDB86CEEF5}.Release|Any CPU.ActiveCfg = Release|Any CPU
		{06A94A8E-F70C-4574-ABD3-2BBDB86CEEF5}.Release|Any CPU.Build.0 = Release|Any CPU
		{0B043A0F-6E37-455D-B811-B94540AD816B}.Debug|Any CPU.ActiveCfg = Debug|Any CPU
		{0B043A0F-6E37-455D-B811-B94540AD816B}.Debug|Any CPU.Build.0 = Debug|Any CPU
		{0B043A0F-6E37-455D-B811-B94540AD816B}.Release|Any CPU.ActiveCfg = Release|Any CPU
		{0B043A0F-6E37-455D-B811-B94540AD816B}.Release|Any CPU.Build.0 = Release|Any CPU
		{91C75B1A-72EC-4114-ABEE-5444FFF30909}.Debug|Any CPU.ActiveCfg = Debug|Any CPU
		{91C75B1A-72EC-4114-ABEE-5444FFF30909}.Debug|Any CPU.Build.0 = Debug|Any CPU
		{91C75B1A-72EC-4114-ABEE-5444FFF30909}.Release|Any CPU.ActiveCfg = Release|Any CPU
		{91C75B1A-72EC-4114-ABEE-5444FFF30909}.Release|Any CPU.Build.0 = Release|Any CPU
		{6E36500E-CAEF-4634-8C13-A329EC7A9086}.Debug|Any CPU.ActiveCfg = Debug|Any CPU
		{6E36500E-CAEF-4634-8C13-A329EC7A9086}.Debug|Any CPU.Build.0 = Debug|Any CPU
		{6E36500E-CAEF-4634-8C13-A329EC7A9086}.Release|Any CPU.ActiveCfg = Release|Any CPU
		{6E36500E-CAEF-4634-8C13-A329EC7A9086}.Release|Any CPU.Build.0 = Release|Any CPU
		{CAD8058A-C3F5-4E0D-B1C2-434A49ED8D6F}.Debug|Any CPU.ActiveCfg = Debug|Any CPU
		{CAD8058A-C3F5-4E0D-B1C2-434A49ED8D6F}.Debug|Any CPU.Build.0 = Debug|Any CPU
		{CAD8058A-C3F5-4E0D-B1C2-434A49ED8D6F}.Release|Any CPU.ActiveCfg = Release|Any CPU
		{CAD8058A-C3F5-4E0D-B1C2-434A49ED8D6F}.Release|Any CPU.Build.0 = Release|Any CPU
		{DB28BF24-B5FE-4ADD-9C6F-4F129E0A5CEA}.Debug|Any CPU.ActiveCfg = Debug|Any CPU
		{DB28BF24-B5FE-4ADD-9C6F-4F129E0A5CEA}.Debug|Any CPU.Build.0 = Debug|Any CPU
		{DB28BF24-B5FE-4ADD-9C6F-4F129E0A5CEA}.Release|Any CPU.ActiveCfg = Release|Any CPU
		{DB28BF24-B5FE-4ADD-9C6F-4F129E0A5CEA}.Release|Any CPU.Build.0 = Release|Any CPU
		{211BF7A0-36C0-4075-8CE3-E7F67179DBD0}.Debug|Any CPU.ActiveCfg = Debug|Any CPU
		{211BF7A0-36C0-4075-8CE3-E7F67179DBD0}.Debug|Any CPU.Build.0 = Debug|Any CPU
		{211BF7A0-36C0-4075-8CE3-E7F67179DBD0}.Release|Any CPU.ActiveCfg = Release|Any CPU
		{211BF7A0-36C0-4075-8CE3-E7F67179DBD0}.Release|Any CPU.Build.0 = Release|Any CPU
		{8DEC353C-3E3C-4B3D-9D06-C43039C8D1F4}.Debug|Any CPU.ActiveCfg = Debug|Any CPU
		{8DEC353C-3E3C-4B3D-9D06-C43039C8D1F4}.Debug|Any CPU.Build.0 = Debug|Any CPU
		{8DEC353C-3E3C-4B3D-9D06-C43039C8D1F4}.Release|Any CPU.ActiveCfg = Release|Any CPU
		{8DEC353C-3E3C-4B3D-9D06-C43039C8D1F4}.Release|Any CPU.Build.0 = Release|Any CPU
		{124DE3CF-ACB2-4DF6-B406-9E9436D36CB2}.Debug|Any CPU.ActiveCfg = Debug|Any CPU
		{124DE3CF-ACB2-4DF6-B406-9E9436D36CB2}.Debug|Any CPU.Build.0 = Debug|Any CPU
		{124DE3CF-ACB2-4DF6-B406-9E9436D36CB2}.Release|Any CPU.ActiveCfg = Release|Any CPU
		{124DE3CF-ACB2-4DF6-B406-9E9436D36CB2}.Release|Any CPU.Build.0 = Release|Any CPU
		{D714A462-3544-4FE4-8365-3CBE56722D93}.Debug|Any CPU.ActiveCfg = Debug|Any CPU
		{D714A462-3544-4FE4-8365-3CBE56722D93}.Debug|Any CPU.Build.0 = Debug|Any CPU
		{D714A462-3544-4FE4-8365-3CBE56722D93}.Release|Any CPU.ActiveCfg = Release|Any CPU
		{D714A462-3544-4FE4-8365-3CBE56722D93}.Release|Any CPU.Build.0 = Release|Any CPU
		{75D3E0A1-85EE-4FE3-9FF2-5FA8085E2B94}.Debug|Any CPU.ActiveCfg = Debug|Any CPU
		{75D3E0A1-85EE-4FE3-9FF2-5FA8085E2B94}.Debug|Any CPU.Build.0 = Debug|Any CPU
		{75D3E0A1-85EE-4FE3-9FF2-5FA8085E2B94}.Release|Any CPU.ActiveCfg = Release|Any CPU
		{75D3E0A1-85EE-4FE3-9FF2-5FA8085E2B94}.Release|Any CPU.Build.0 = Release|Any CPU
		{71BB9FC6-AA3A-418C-9063-B88D7A478987}.Debug|Any CPU.ActiveCfg = Debug|Any CPU
		{71BB9FC6-AA3A-418C-9063-B88D7A478987}.Debug|Any CPU.Build.0 = Debug|Any CPU
		{71BB9FC6-AA3A-418C-9063-B88D7A478987}.Release|Any CPU.ActiveCfg = Release|Any CPU
		{71BB9FC6-AA3A-418C-9063-B88D7A478987}.Release|Any CPU.Build.0 = Release|Any CPU
		{22C6AF20-94AE-432A-B0D3-0866AA894B1A}.Debug|Any CPU.ActiveCfg = Debug|Any CPU
		{22C6AF20-94AE-432A-B0D3-0866AA894B1A}.Debug|Any CPU.Build.0 = Debug|Any CPU
		{22C6AF20-94AE-432A-B0D3-0866AA894B1A}.Release|Any CPU.ActiveCfg = Release|Any CPU
		{22C6AF20-94AE-432A-B0D3-0866AA894B1A}.Release|Any CPU.Build.0 = Release|Any CPU
		{2602100A-16ED-449E-8ADD-7A5BA4820DA1}.Debug|Any CPU.ActiveCfg = Debug|Any CPU
		{2602100A-16ED-449E-8ADD-7A5BA4820DA1}.Debug|Any CPU.Build.0 = Debug|Any CPU
		{2602100A-16ED-449E-8ADD-7A5BA4820DA1}.Release|Any CPU.ActiveCfg = Release|Any CPU
		{2602100A-16ED-449E-8ADD-7A5BA4820DA1}.Release|Any CPU.Build.0 = Release|Any CPU
		{2AE76D63-18B1-4736-B938-A16924AC4E09}.Debug|Any CPU.ActiveCfg = Debug|Any CPU
		{2AE76D63-18B1-4736-B938-A16924AC4E09}.Debug|Any CPU.Build.0 = Debug|Any CPU
		{2AE76D63-18B1-4736-B938-A16924AC4E09}.Release|Any CPU.ActiveCfg = Release|Any CPU
		{2AE76D63-18B1-4736-B938-A16924AC4E09}.Release|Any CPU.Build.0 = Release|Any CPU
		{6814EA27-537A-40C5-A637-DAD3A6215CF6}.Debug|Any CPU.ActiveCfg = Debug|Any CPU
		{6814EA27-537A-40C5-A637-DAD3A6215CF6}.Debug|Any CPU.Build.0 = Debug|Any CPU
		{6814EA27-537A-40C5-A637-DAD3A6215CF6}.Release|Any CPU.ActiveCfg = Release|Any CPU
		{6814EA27-537A-40C5-A637-DAD3A6215CF6}.Release|Any CPU.Build.0 = Release|Any CPU
		{DF62EC4D-CEE2-4CE2-B4BA-DA5D59B25488}.Debug|Any CPU.ActiveCfg = Debug|Any CPU
		{DF62EC4D-CEE2-4CE2-B4BA-DA5D59B25488}.Debug|Any CPU.Build.0 = Debug|Any CPU
		{DF62EC4D-CEE2-4CE2-B4BA-DA5D59B25488}.Release|Any CPU.ActiveCfg = Release|Any CPU
		{DF62EC4D-CEE2-4CE2-B4BA-DA5D59B25488}.Release|Any CPU.Build.0 = Release|Any CPU
		{03FE2289-81B3-4D2A-8C8F-BE19F8F838E7}.Debug|Any CPU.ActiveCfg = Debug|Any CPU
		{03FE2289-81B3-4D2A-8C8F-BE19F8F838E7}.Debug|Any CPU.Build.0 = Debug|Any CPU
		{03FE2289-81B3-4D2A-8C8F-BE19F8F838E7}.Release|Any CPU.ActiveCfg = Release|Any CPU
		{03FE2289-81B3-4D2A-8C8F-BE19F8F838E7}.Release|Any CPU.Build.0 = Release|Any CPU
		{6C36AADF-A4C7-4998-80A0-F293D1B290E2}.Debug|Any CPU.ActiveCfg = Debug|Any CPU
		{6C36AADF-A4C7-4998-80A0-F293D1B290E2}.Debug|Any CPU.Build.0 = Debug|Any CPU
		{6C36AADF-A4C7-4998-80A0-F293D1B290E2}.Release|Any CPU.ActiveCfg = Release|Any CPU
		{6C36AADF-A4C7-4998-80A0-F293D1B290E2}.Release|Any CPU.Build.0 = Release|Any CPU
	EndGlobalSection
EndGlobal
