
Microsoft Visual Studio Solution File, Format Version 12.00
# Visual Studio Version 17
VisualStudioVersion = 17.0.31903.59
MinimumVisualStudioVersion = 10.0.40219.1
Project("{FAE04EC0-301F-11D3-BF4B-00C04F79EFBC}") = "Ex01", "Ex01\Ex01.csproj", "{0424A610-DC62-43FD-9DB2-2F23B6C1FD0D}"
EndProject
Project("{FAE04EC0-301F-11D3-BF4B-00C04F79EFBC}") = "Ex02", "Ex02\Ex02.csproj", "{B69644B4-77F4-47C0-8FDC-0B6E5E4F3420}"
EndProject
Project("{FAE04EC0-301F-11D3-BF4B-00C04F79EFBC}") = "Ex03", "Ex03\Ex03.csproj", "{CD01F8A4-D6F2-42DC-9878-F8D9796D2E63}"
EndProject
Project("{FAE04EC0-301F-11D3-BF4B-00C04F79EFBC}") = "Ex04", "Ex04\Ex04.csproj", "{26393E5C-834D-4699-82A2-33FA5EC6123A}"
EndProject
Project("{FAE04EC0-301F-11D3-BF4B-00C04F79EFBC}") = "Ex05", "Ex05\Ex05.csproj", "{B58AFC9F-C210-4A85-BB7C-78B04365847C}"
EndProject
Project("{FAE04EC0-301F-11D3-BF4B-00C04F79EFBC}") = "Ex06", "Ex06\Ex06.csproj", "{9D361DB7-C5B9-4A6A-A57E-BB1855E0A6A8}"
EndProject
Project("{FAE04EC0-301F-11D3-BF4B-00C04F79EFBC}") = "Ex07", "Ex07\Ex07.csproj", "{3108EA92-7D27-4DFF-AF64-0C62F0EB10EA}"
EndProject
Project("{FAE04EC0-301F-11D3-BF4B-00C04F79EFBC}") = "Ex08", "Ex08\Ex08.csproj", "{2F246FA9-2787-4BC6-8F22-4C850B6EF868}"
EndProject
Project("{FAE04EC0-301F-11D3-BF4B-00C04F79EFBC}") = "Ex09", "Ex09\Ex09.csproj", "{925E254D-E171-4099-9E03-840737717866}"
EndProject
Project("{FAE04EC0-301F-11D3-BF4B-00C04F79EFBC}") = "Ex10", "Ex10\Ex10.csproj", "{E12A1606-9CBB-40EC-88C5-2D40F222E4DA}"
EndProject
Project("{FAE04EC0-301F-11D3-BF4B-00C04F79EFBC}") = "Ex11", "Ex11\Ex11.csproj", "{BD37B232-9A22-43FC-B1AD-1D2A554D1B07}"
EndProject
Project("{FAE04EC0-301F-11D3-BF4B-00C04F79EFBC}") = "Ex12", "Ex12\Ex12.csproj", "{E2BAFDD1-FF80-4506-831A-A5316B8D9FD0}"
EndProject
Project("{FAE04EC0-301F-11D3-BF4B-00C04F79EFBC}") = "Ex13", "Ex13\Ex13.csproj", "{13881380-8164-4808-ACD2-70208FB3056F}"
EndProject
Project("{FAE04EC0-301F-11D3-BF4B-00C04F79EFBC}") = "Ex14", "Ex14\Ex14.csproj", "{0B76A05C-5C57-4940-AFBB-B4E11654F145}"
EndProject
Project("{FAE04EC0-301F-11D3-BF4B-00C04F79EFBC}") = "Ex15", "Ex15\Ex15.csproj", "{F920541D-E353-4BD0-B543-7A6F14B02AFE}"
EndProject
Project("{FAE04EC0-301F-11D3-BF4B-00C04F79EFBC}") = "Ex16", "Ex16\Ex16.csproj", "{9B634DE6-583A-4333-AAC0-4C447EA221C9}"
EndProject
Project("{FAE04EC0-301F-11D3-BF4B-00C04F79EFBC}") = "Ex00", "Ex00\Ex00.csproj", "{0A3707AF-5187-482D-BE48-2CAFA2357214}"
EndProject
Project("{FAE04EC0-301F-11D3-BF4B-00C04F79EFBC}") = "Ex17", "Ex17\Ex17.csproj", "{CB1BB076-02F6-4B7C-866A-4904FE106585}"
EndProject
Project("{FAE04EC0-301F-11D3-BF4B-00C04F79EFBC}") = "Ex18", "Ex18\Ex18.csproj", "{F9E39833-AD49-47DC-8045-15CE6631540A}"
EndProject
Project("{FAE04EC0-301F-11D3-BF4B-00C04F79EFBC}") = "Ex19", "Ex19\Ex19.csproj", "{8560E374-5CE8-404C-AADA-CE8DB1C82AB1}"
EndProject
Project("{FAE04EC0-301F-11D3-BF4B-00C04F79EFBC}") = "Ex20", "Ex20\Ex20.csproj", "{6FA895B4-D666-4FB8-ADB1-1D1771E199A1}"
EndProject
Project("{FAE04EC0-301F-11D3-BF4B-00C04F79EFBC}") = "Ex21", "Ex21\Ex21.csproj", "{B259AB9A-8403-484E-A0B7-7EAF9CF7757C}"
EndProject
Project("{FAE04EC0-301F-11D3-BF4B-00C04F79EFBC}") = "Ex22", "Ex22\Ex22.csproj", "{70F618C5-0CAF-46FB-A3B2-AF811133BC85}"
EndProject
Project("{FAE04EC0-301F-11D3-BF4B-00C04F79EFBC}") = "Ex23", "Ex23\Ex23.csproj", "{50C330D2-5B2F-495E-8CAF-EF9E75C8176D}"
EndProject
Global
	GlobalSection(SolutionConfigurationPlatforms) = preSolution
		Debug|Any CPU = Debug|Any CPU
		Release|Any CPU = Release|Any CPU
	EndGlobalSection
	GlobalSection(SolutionProperties) = preSolution
		HideSolutionNode = FALSE
	EndGlobalSection
	GlobalSection(ProjectConfigurationPlatforms) = postSolution
		{0424A610-DC62-43FD-9DB2-2F23B6C1FD0D}.Debug|Any CPU.ActiveCfg = Debug|Any CPU
		{0424A610-DC62-43FD-9DB2-2F23B6C1FD0D}.Debug|Any CPU.Build.0 = Debug|Any CPU
		{0424A610-DC62-43FD-9DB2-2F23B6C1FD0D}.Release|Any CPU.ActiveCfg = Release|Any CPU
		{0424A610-DC62-43FD-9DB2-2F23B6C1FD0D}.Release|Any CPU.Build.0 = Release|Any CPU
		{B69644B4-77F4-47C0-8FDC-0B6E5E4F3420}.Debug|Any CPU.ActiveCfg = Debug|Any CPU
		{B69644B4-77F4-47C0-8FDC-0B6E5E4F3420}.Debug|Any CPU.Build.0 = Debug|Any CPU
		{B69644B4-77F4-47C0-8FDC-0B6E5E4F3420}.Release|Any CPU.ActiveCfg = Release|Any CPU
		{B69644B4-77F4-47C0-8FDC-0B6E5E4F3420}.Release|Any CPU.Build.0 = Release|Any CPU
		{CD01F8A4-D6F2-42DC-9878-F8D9796D2E63}.Debug|Any CPU.ActiveCfg = Debug|Any CPU
		{CD01F8A4-D6F2-42DC-9878-F8D9796D2E63}.Debug|Any CPU.Build.0 = Debug|Any CPU
		{CD01F8A4-D6F2-42DC-9878-F8D9796D2E63}.Release|Any CPU.ActiveCfg = Release|Any CPU
		{CD01F8A4-D6F2-42DC-9878-F8D9796D2E63}.Release|Any CPU.Build.0 = Release|Any CPU
		{26393E5C-834D-4699-82A2-33FA5EC6123A}.Debug|Any CPU.ActiveCfg = Debug|Any CPU
		{26393E5C-834D-4699-82A2-33FA5EC6123A}.Debug|Any CPU.Build.0 = Debug|Any CPU
		{26393E5C-834D-4699-82A2-33FA5EC6123A}.Release|Any CPU.ActiveCfg = Release|Any CPU
		{26393E5C-834D-4699-82A2-33FA5EC6123A}.Release|Any CPU.Build.0 = Release|Any CPU
		{B58AFC9F-C210-4A85-BB7C-78B04365847C}.Debug|Any CPU.ActiveCfg = Debug|Any CPU
		{B58AFC9F-C210-4A85-BB7C-78B04365847C}.Debug|Any CPU.Build.0 = Debug|Any CPU
		{B58AFC9F-C210-4A85-BB7C-78B04365847C}.Release|Any CPU.ActiveCfg = Release|Any CPU
		{B58AFC9F-C210-4A85-BB7C-78B04365847C}.Release|Any CPU.Build.0 = Release|Any CPU
		{9D361DB7-C5B9-4A6A-A57E-BB1855E0A6A8}.Debug|Any CPU.ActiveCfg = Debug|Any CPU
		{9D361DB7-C5B9-4A6A-A57E-BB1855E0A6A8}.Debug|Any CPU.Build.0 = Debug|Any CPU
		{9D361DB7-C5B9-4A6A-A57E-BB1855E0A6A8}.Release|Any CPU.ActiveCfg = Release|Any CPU
		{9D361DB7-C5B9-4A6A-A57E-BB1855E0A6A8}.Release|Any CPU.Build.0 = Release|Any CPU
		{3108EA92-7D27-4DFF-AF64-0C62F0EB10EA}.Debug|Any CPU.ActiveCfg = Debug|Any CPU
		{3108EA92-7D27-4DFF-AF64-0C62F0EB10EA}.Debug|Any CPU.Build.0 = Debug|Any CPU
		{3108EA92-7D27-4DFF-AF64-0C62F0EB10EA}.Release|Any CPU.ActiveCfg = Release|Any CPU
		{3108EA92-7D27-4DFF-AF64-0C62F0EB10EA}.Release|Any CPU.Build.0 = Release|Any CPU
		{2F246FA9-2787-4BC6-8F22-4C850B6EF868}.Debug|Any CPU.ActiveCfg = Debug|Any CPU
		{2F246FA9-2787-4BC6-8F22-4C850B6EF868}.Debug|Any CPU.Build.0 = Debug|Any CPU
		{2F246FA9-2787-4BC6-8F22-4C850B6EF868}.Release|Any CPU.ActiveCfg = Release|Any CPU
		{2F246FA9-2787-4BC6-8F22-4C850B6EF868}.Release|Any CPU.Build.0 = Release|Any CPU
		{925E254D-E171-4099-9E03-840737717866}.Debug|Any CPU.ActiveCfg = Debug|Any CPU
		{925E254D-E171-4099-9E03-840737717866}.Debug|Any CPU.Build.0 = Debug|Any CPU
		{925E254D-E171-4099-9E03-840737717866}.Release|Any CPU.ActiveCfg = Release|Any CPU
		{925E254D-E171-4099-9E03-840737717866}.Release|Any CPU.Build.0 = Release|Any CPU
		{E12A1606-9CBB-40EC-88C5-2D40F222E4DA}.Debug|Any CPU.ActiveCfg = Debug|Any CPU
		{E12A1606-9CBB-40EC-88C5-2D40F222E4DA}.Debug|Any CPU.Build.0 = Debug|Any CPU
		{E12A1606-9CBB-40EC-88C5-2D40F222E4DA}.Release|Any CPU.ActiveCfg = Release|Any CPU
		{E12A1606-9CBB-40EC-88C5-2D40F222E4DA}.Release|Any CPU.Build.0 = Release|Any CPU
		{BD37B232-9A22-43FC-B1AD-1D2A554D1B07}.Debug|Any CPU.ActiveCfg = Debug|Any CPU
		{BD37B232-9A22-43FC-B1AD-1D2A554D1B07}.Debug|Any CPU.Build.0 = Debug|Any CPU
		{BD37B232-9A22-43FC-B1AD-1D2A554D1B07}.Release|Any CPU.ActiveCfg = Release|Any CPU
		{BD37B232-9A22-43FC-B1AD-1D2A554D1B07}.Release|Any CPU.Build.0 = Release|Any CPU
		{E2BAFDD1-FF80-4506-831A-A5316B8D9FD0}.Debug|Any CPU.ActiveCfg = Debug|Any CPU
		{E2BAFDD1-FF80-4506-831A-A5316B8D9FD0}.Debug|Any CPU.Build.0 = Debug|Any CPU
		{E2BAFDD1-FF80-4506-831A-A5316B8D9FD0}.Release|Any CPU.ActiveCfg = Release|Any CPU
		{E2BAFDD1-FF80-4506-831A-A5316B8D9FD0}.Release|Any CPU.Build.0 = Release|Any CPU
		{13881380-8164-4808-ACD2-70208FB3056F}.Debug|Any CPU.ActiveCfg = Debug|Any CPU
		{13881380-8164-4808-ACD2-70208FB3056F}.Debug|Any CPU.Build.0 = Debug|Any CPU
		{13881380-8164-4808-ACD2-70208FB3056F}.Release|Any CPU.ActiveCfg = Release|Any CPU
		{13881380-8164-4808-ACD2-70208FB3056F}.Release|Any CPU.Build.0 = Release|Any CPU
		{0B76A05C-5C57-4940-AFBB-B4E11654F145}.Debug|Any CPU.ActiveCfg = Debug|Any CPU
		{0B76A05C-5C57-4940-AFBB-B4E11654F145}.Debug|Any CPU.Build.0 = Debug|Any CPU
		{0B76A05C-5C57-4940-AFBB-B4E11654F145}.Release|Any CPU.ActiveCfg = Release|Any CPU
		{0B76A05C-5C57-4940-AFBB-B4E11654F145}.Release|Any CPU.Build.0 = Release|Any CPU
		{F920541D-E353-4BD0-B543-7A6F14B02AFE}.Debug|Any CPU.ActiveCfg = Debug|Any CPU
		{F920541D-E353-4BD0-B543-7A6F14B02AFE}.Debug|Any CPU.Build.0 = Debug|Any CPU
		{F920541D-E353-4BD0-B543-7A6F14B02AFE}.Release|Any CPU.ActiveCfg = Release|Any CPU
		{F920541D-E353-4BD0-B543-7A6F14B02AFE}.Release|Any CPU.Build.0 = Release|Any CPU
		{9B634DE6-583A-4333-AAC0-4C447EA221C9}.Debug|Any CPU.ActiveCfg = Debug|Any CPU
		{9B634DE6-583A-4333-AAC0-4C447EA221C9}.Debug|Any CPU.Build.0 = Debug|Any CPU
		{9B634DE6-583A-4333-AAC0-4C447EA221C9}.Release|Any CPU.ActiveCfg = Release|Any CPU
		{9B634DE6-583A-4333-AAC0-4C447EA221C9}.Release|Any CPU.Build.0 = Release|Any CPU
		{0A3707AF-5187-482D-BE48-2CAFA2357214}.Debug|Any CPU.ActiveCfg = Debug|Any CPU
		{0A3707AF-5187-482D-BE48-2CAFA2357214}.Debug|Any CPU.Build.0 = Debug|Any CPU
		{0A3707AF-5187-482D-BE48-2CAFA2357214}.Release|Any CPU.ActiveCfg = Release|Any CPU
		{0A3707AF-5187-482D-BE48-2CAFA2357214}.Release|Any CPU.Build.0 = Release|Any CPU
		{CB1BB076-02F6-4B7C-866A-4904FE106585}.Debug|Any CPU.ActiveCfg = Debug|Any CPU
		{CB1BB076-02F6-4B7C-866A-4904FE106585}.Debug|Any CPU.Build.0 = Debug|Any CPU
		{CB1BB076-02F6-4B7C-866A-4904FE106585}.Release|Any CPU.ActiveCfg = Release|Any CPU
		{CB1BB076-02F6-4B7C-866A-4904FE106585}.Release|Any CPU.Build.0 = Release|Any CPU
		{F9E39833-AD49-47DC-8045-15CE6631540A}.Debug|Any CPU.ActiveCfg = Debug|Any CPU
		{F9E39833-AD49-47DC-8045-15CE6631540A}.Debug|Any CPU.Build.0 = Debug|Any CPU
		{F9E39833-AD49-47DC-8045-15CE6631540A}.Release|Any CPU.ActiveCfg = Release|Any CPU
		{F9E39833-AD49-47DC-8045-15CE6631540A}.Release|Any CPU.Build.0 = Release|Any CPU
		{8560E374-5CE8-404C-AADA-CE8DB1C82AB1}.Debug|Any CPU.ActiveCfg = Debug|Any CPU
		{8560E374-5CE8-404C-AADA-CE8DB1C82AB1}.Debug|Any CPU.Build.0 = Debug|Any CPU
		{8560E374-5CE8-404C-AADA-CE8DB1C82AB1}.Release|Any CPU.ActiveCfg = Release|Any CPU
		{8560E374-5CE8-404C-AADA-CE8DB1C82AB1}.Release|Any CPU.Build.0 = Release|Any CPU
		{6FA895B4-D666-4FB8-ADB1-1D1771E199A1}.Debug|Any CPU.ActiveCfg = Debug|Any CPU
		{6FA895B4-D666-4FB8-ADB1-1D1771E199A1}.Debug|Any CPU.Build.0 = Debug|Any CPU
		{6FA895B4-D666-4FB8-ADB1-1D1771E199A1}.Release|Any CPU.ActiveCfg = Release|Any CPU
		{6FA895B4-D666-4FB8-ADB1-1D1771E199A1}.Release|Any CPU.Build.0 = Release|Any CPU
		{B259AB9A-8403-484E-A0B7-7EAF9CF7757C}.Debug|Any CPU.ActiveCfg = Debug|Any CPU
		{B259AB9A-8403-484E-A0B7-7EAF9CF7757C}.Debug|Any CPU.Build.0 = Debug|Any CPU
		{B259AB9A-8403-484E-A0B7-7EAF9CF7757C}.Release|Any CPU.ActiveCfg = Release|Any CPU
		{B259AB9A-8403-484E-A0B7-7EAF9CF7757C}.Release|Any CPU.Build.0 = Release|Any CPU
		{70F618C5-0CAF-46FB-A3B2-AF811133BC85}.Debug|Any CPU.ActiveCfg = Debug|Any CPU
		{70F618C5-0CAF-46FB-A3B2-AF811133BC85}.Debug|Any CPU.Build.0 = Debug|Any CPU
		{70F618C5-0CAF-46FB-A3B2-AF811133BC85}.Release|Any CPU.ActiveCfg = Release|Any CPU
		{70F618C5-0CAF-46FB-A3B2-AF811133BC85}.Release|Any CPU.Build.0 = Release|Any CPU
		{50C330D2-5B2F-495E-8CAF-EF9E75C8176D}.Debug|Any CPU.ActiveCfg = Debug|Any CPU
		{50C330D2-5B2F-495E-8CAF-EF9E75C8176D}.Debug|Any CPU.Build.0 = Debug|Any CPU
		{50C330D2-5B2F-495E-8CAF-EF9E75C8176D}.Release|Any CPU.ActiveCfg = Release|Any CPU
		{50C330D2-5B2F-495E-8CAF-EF9E75C8176D}.Release|Any CPU.Build.0 = Release|Any CPU
	EndGlobalSection
EndGlobal
