
Microsoft Visual Studio Solution File, Format Version 12.00
# Visual Studio Version 17
VisualStudioVersion = 17.0.31903.59
MinimumVisualStudioVersion = 10.0.40219.1
Project("{FAE04EC0-301F-11D3-BF4B-00C04F79EFBC}") = "Ex01", "Ex01\Ex01.csproj", "{75D199CA-E59A-4599-83F9-20BA28C7E0D0}"
EndProject
Project("{FAE04EC0-301F-11D3-BF4B-00C04F79EFBC}") = "Ex02", "Ex02\Ex02.csproj", "{C516D781-3AC0-468B-86C3-C62B1EEF2E6C}"
EndProject
Project("{FAE04EC0-301F-11D3-BF4B-00C04F79EFBC}") = "Ex03", "Ex03\Ex03.csproj", "{2649E379-2E3A-4882-BA49-6584BE05F17C}"
EndProject
Project("{FAE04EC0-301F-11D3-BF4B-00C04F79EFBC}") = "Ex04", "Ex04\Ex04.csproj", "{FFCCAF0D-5C4B-4247-B2CA-ECB9644A7A62}"
EndProject
Project("{FAE04EC0-301F-11D3-BF4B-00C04F79EFBC}") = "Ex05", "Ex05\Ex05.csproj", "{6331EA56-1AED-4B8E-A7FF-90C3B9EF3E4C}"
EndProject
Project("{FAE04EC0-301F-11D3-BF4B-00C04F79EFBC}") = "Ex06", "Ex06\Ex06.csproj", "{D38EE789-CFD8-420E-A7A6-A72ECCD06343}"
EndProject
Project("{FAE04EC0-301F-11D3-BF4B-00C04F79EFBC}") = "Ex07", "Ex07\Ex07.csproj", "{18125ECE-E72F-4E54-88B8-741CC186EA7F}"
EndProject
Project("{FAE04EC0-301F-11D3-BF4B-00C04F79EFBC}") = "Ex08", "Ex08\Ex08.csproj", "{1080CE0F-0B78-409E-B68B-50E535F839A2}"
EndProject
Project("{FAE04EC0-301F-11D3-BF4B-00C04F79EFBC}") = "Ex09", "Ex09\Ex09.csproj", "{92C02CBA-ACE8-4B18-BEFA-F251C3E26FDE}"
EndProject
Project("{FAE04EC0-301F-11D3-BF4B-00C04F79EFBC}") = "Ex10", "Ex10\Ex10.csproj", "{11B0E346-6A20-417E-ADDA-13CB1F2879C7}"
EndProject
Project("{FAE04EC0-301F-11D3-BF4B-00C04F79EFBC}") = "Ex11", "Ex11\Ex11.csproj", "{BD035446-BE1E-44D7-AFA2-76542CEBD92B}"
EndProject
Project("{FAE04EC0-301F-11D3-BF4B-00C04F79EFBC}") = "Ex12", "Ex12\Ex12.csproj", "{27C305B8-A9D2-4531-9C17-94DA0BEDBD12}"
EndProject
Project("{FAE04EC0-301F-11D3-BF4B-00C04F79EFBC}") = "Ex13", "Ex13\Ex13.csproj", "{882E6BBB-F586-4373-A4BA-27C6A5C4C7C6}"
EndProject
Project("{FAE04EC0-301F-11D3-BF4B-00C04F79EFBC}") = "Ex14", "Ex14\Ex14.csproj", "{4901DDE8-7AB4-437D-A2E0-4A630FFB8D6B}"
EndProject
Project("{FAE04EC0-301F-11D3-BF4B-00C04F79EFBC}") = "Ex15", "Ex15\Ex15.csproj", "{A49D31BA-B3B7-4E20-8056-7EFA2762CF20}"
EndProject
Project("{FAE04EC0-301F-11D3-BF4B-00C04F79EFBC}") = "Ex16", "Ex16\Ex16.csproj", "{730F6D65-8BF6-4FAC-BCB7-F4F5CA511332}"
EndProject
Global
	GlobalSection(SolutionConfigurationPlatforms) = preSolution
		Debug|Any CPU = Debug|Any CPU
		Release|Any CPU = Release|Any CPU
	EndGlobalSection
	GlobalSection(SolutionProperties) = preSolution
		HideSolutionNode = FALSE
	EndGlobalSection
	GlobalSection(ProjectConfigurationPlatforms) = postSolution
		{75D199CA-E59A-4599-83F9-20BA28C7E0D0}.Debug|Any CPU.ActiveCfg = Debug|Any CPU
		{75D199CA-E59A-4599-83F9-20BA28C7E0D0}.Debug|Any CPU.Build.0 = Debug|Any CPU
		{75D199CA-E59A-4599-83F9-20BA28C7E0D0}.Release|Any CPU.ActiveCfg = Release|Any CPU
		{75D199CA-E59A-4599-83F9-20BA28C7E0D0}.Release|Any CPU.Build.0 = Release|Any CPU
		{C516D781-3AC0-468B-86C3-C62B1EEF2E6C}.Debug|Any CPU.ActiveCfg = Debug|Any CPU
		{C516D781-3AC0-468B-86C3-C62B1EEF2E6C}.Debug|Any CPU.Build.0 = Debug|Any CPU
		{C516D781-3AC0-468B-86C3-C62B1EEF2E6C}.Release|Any CPU.ActiveCfg = Release|Any CPU
		{C516D781-3AC0-468B-86C3-C62B1EEF2E6C}.Release|Any CPU.Build.0 = Release|Any CPU
		{2649E379-2E3A-4882-BA49-6584BE05F17C}.Debug|Any CPU.ActiveCfg = Debug|Any CPU
		{2649E379-2E3A-4882-BA49-6584BE05F17C}.Debug|Any CPU.Build.0 = Debug|Any CPU
		{2649E379-2E3A-4882-BA49-6584BE05F17C}.Release|Any CPU.ActiveCfg = Release|Any CPU
		{2649E379-2E3A-4882-BA49-6584BE05F17C}.Release|Any CPU.Build.0 = Release|Any CPU
		{FFCCAF0D-5C4B-4247-B2CA-ECB9644A7A62}.Debug|Any CPU.ActiveCfg = Debug|Any CPU
		{FFCCAF0D-5C4B-4247-B2CA-ECB9644A7A62}.Debug|Any CPU.Build.0 = Debug|Any CPU
		{FFCCAF0D-5C4B-4247-B2CA-ECB9644A7A62}.Release|Any CPU.ActiveCfg = Release|Any CPU
		{FFCCAF0D-5C4B-4247-B2CA-ECB9644A7A62}.Release|Any CPU.Build.0 = Release|Any CPU
		{6331EA56-1AED-4B8E-A7FF-90C3B9EF3E4C}.Debug|Any CPU.ActiveCfg = Debug|Any CPU
		{6331EA56-1AED-4B8E-A7FF-90C3B9EF3E4C}.Debug|Any CPU.Build.0 = Debug|Any CPU
		{6331EA56-1AED-4B8E-A7FF-90C3B9EF3E4C}.Release|Any CPU.ActiveCfg = Release|Any CPU
		{6331EA56-1AED-4B8E-A7FF-90C3B9EF3E4C}.Release|Any CPU.Build.0 = Release|Any CPU
		{D38EE789-CFD8-420E-A7A6-A72ECCD06343}.Debug|Any CPU.ActiveCfg = Debug|Any CPU
		{D38EE789-CFD8-420E-A7A6-A72ECCD06343}.Debug|Any CPU.Build.0 = Debug|Any CPU
		{D38EE789-CFD8-420E-A7A6-A72ECCD06343}.Release|Any CPU.ActiveCfg = Release|Any CPU
		{D38EE789-CFD8-420E-A7A6-A72ECCD06343}.Release|Any CPU.Build.0 = Release|Any CPU
		{18125ECE-E72F-4E54-88B8-741CC186EA7F}.Debug|Any CPU.ActiveCfg = Debug|Any CPU
		{18125ECE-E72F-4E54-88B8-741CC186EA7F}.Debug|Any CPU.Build.0 = Debug|Any CPU
		{18125ECE-E72F-4E54-88B8-741CC186EA7F}.Release|Any CPU.ActiveCfg = Release|Any CPU
		{18125ECE-E72F-4E54-88B8-741CC186EA7F}.Release|Any CPU.Build.0 = Release|Any CPU
		{1080CE0F-0B78-409E-B68B-50E535F839A2}.Debug|Any CPU.ActiveCfg = Debug|Any CPU
		{1080CE0F-0B78-409E-B68B-50E535F839A2}.Debug|Any CPU.Build.0 = Debug|Any CPU
		{1080CE0F-0B78-409E-B68B-50E535F839A2}.Release|Any CPU.ActiveCfg = Release|Any CPU
		{1080CE0F-0B78-409E-B68B-50E535F839A2}.Release|Any CPU.Build.0 = Release|Any CPU
		{92C02CBA-ACE8-4B18-BEFA-F251C3E26FDE}.Debug|Any CPU.ActiveCfg = Debug|Any CPU
		{92C02CBA-ACE8-4B18-BEFA-F251C3E26FDE}.Debug|Any CPU.Build.0 = Debug|Any CPU
		{92C02CBA-ACE8-4B18-BEFA-F251C3E26FDE}.Release|Any CPU.ActiveCfg = Release|Any CPU
		{92C02CBA-ACE8-4B18-BEFA-F251C3E26FDE}.Release|Any CPU.Build.0 = Release|Any CPU
		{11B0E346-6A20-417E-ADDA-13CB1F2879C7}.Debug|Any CPU.ActiveCfg = Debug|Any CPU
		{11B0E346-6A20-417E-ADDA-13CB1F2879C7}.Debug|Any CPU.Build.0 = Debug|Any CPU
		{11B0E346-6A20-417E-ADDA-13CB1F2879C7}.Release|Any CPU.ActiveCfg = Release|Any CPU
		{11B0E346-6A20-417E-ADDA-13CB1F2879C7}.Release|Any CPU.Build.0 = Release|Any CPU
		{BD035446-BE1E-44D7-AFA2-76542CEBD92B}.Debug|Any CPU.ActiveCfg = Debug|Any CPU
		{BD035446-BE1E-44D7-AFA2-76542CEBD92B}.Debug|Any CPU.Build.0 = Debug|Any CPU
		{BD035446-BE1E-44D7-AFA2-76542CEBD92B}.Release|Any CPU.ActiveCfg = Release|Any CPU
		{BD035446-BE1E-44D7-AFA2-76542CEBD92B}.Release|Any CPU.Build.0 = Release|Any CPU
		{27C305B8-A9D2-4531-9C17-94DA0BEDBD12}.Debug|Any CPU.ActiveCfg = Debug|Any CPU
		{27C305B8-A9D2-4531-9C17-94DA0BEDBD12}.Debug|Any CPU.Build.0 = Debug|Any CPU
		{27C305B8-A9D2-4531-9C17-94DA0BEDBD12}.Release|Any CPU.ActiveCfg = Release|Any CPU
		{27C305B8-A9D2-4531-9C17-94DA0BEDBD12}.Release|Any CPU.Build.0 = Release|Any CPU
		{882E6BBB-F586-4373-A4BA-27C6A5C4C7C6}.Debug|Any CPU.ActiveCfg = Debug|Any CPU
		{882E6BBB-F586-4373-A4BA-27C6A5C4C7C6}.Debug|Any CPU.Build.0 = Debug|Any CPU
		{882E6BBB-F586-4373-A4BA-27C6A5C4C7C6}.Release|Any CPU.ActiveCfg = Release|Any CPU
		{882E6BBB-F586-4373-A4BA-27C6A5C4C7C6}.Release|Any CPU.Build.0 = Release|Any CPU
		{4901DDE8-7AB4-437D-A2E0-4A630FFB8D6B}.Debug|Any CPU.ActiveCfg = Debug|Any CPU
		{4901DDE8-7AB4-437D-A2E0-4A630FFB8D6B}.Debug|Any CPU.Build.0 = Debug|Any CPU
		{4901DDE8-7AB4-437D-A2E0-4A630FFB8D6B}.Release|Any CPU.ActiveCfg = Release|Any CPU
		{4901DDE8-7AB4-437D-A2E0-4A630FFB8D6B}.Release|Any CPU.Build.0 = Release|Any CPU
		{A49D31BA-B3B7-4E20-8056-7EFA2762CF20}.Debug|Any CPU.ActiveCfg = Debug|Any CPU
		{A49D31BA-B3B7-4E20-8056-7EFA2762CF20}.Debug|Any CPU.Build.0 = Debug|Any CPU
		{A49D31BA-B3B7-4E20-8056-7EFA2762CF20}.Release|Any CPU.ActiveCfg = Release|Any CPU
		{A49D31BA-B3B7-4E20-8056-7EFA2762CF20}.Release|Any CPU.Build.0 = Release|Any CPU
		{730F6D65-8BF6-4FAC-BCB7-F4F5CA511332}.Debug|Any CPU.ActiveCfg = Debug|Any CPU
		{730F6D65-8BF6-4FAC-BCB7-F4F5CA511332}.Debug|Any CPU.Build.0 = Debug|Any CPU
		{730F6D65-8BF6-4FAC-BCB7-F4F5CA511332}.Release|Any CPU.ActiveCfg = Release|Any CPU
		{730F6D65-8BF6-4FAC-BCB7-F4F5CA511332}.Release|Any CPU.Build.0 = Release|Any CPU
	EndGlobalSection
EndGlobal
