
Microsoft Visual Studio Solution File, Format Version 12.00
# Visual Studio Version 17
VisualStudioVersion = 17.0.31903.59
MinimumVisualStudioVersion = 10.0.40219.1
Project("{FAE04EC0-301F-11D3-BF4B-00C04F79EFBC}") = "Ex01", "Ex01\Ex01.csproj", "{75D199CA-E59A-4599-83F9-20BA28C7E0D0}"
EndProject
Project("{FAE04EC0-301F-11D3-BF4B-00C04F79EFBC}") = "Ex02", "Ex02\Ex02.csproj", "{C516D781-3AC0-468B-86C3-C62B1EEF2E6C}"
EndProject
Project("{FAE04EC0-301F-11D3-BF4B-00C04F79EFBC}") = "Ex03", "Ex03\Ex03.csproj", "{2649E379-2E3A-4882-BA49-6584BE05F17C}"
EndProject
Project("{FAE04EC0-301F-11D3-BF4B-00C04F79EFBC}") = "Ex04", "Ex04\Ex04.csproj", "{FFCCAF0D-5C4B-4247-B2CA-ECB9644A7A62}"
EndProject
Project("{FAE04EC0-301F-11D3-BF4B-00C04F79EFBC}") = "Ex05", "Ex05\Ex05.csproj", "{6331EA56-1AED-4B8E-A7FF-90C3B9EF3E4C}"
EndProject
Project("{FAE04EC0-301F-11D3-BF4B-00C04F79EFBC}") = "Ex06", "Ex06\Ex06.csproj", "{D38EE789-CFD8-420E-A7A6-A72ECCD06343}"
EndProject
Project("{FAE04EC0-301F-11D3-BF4B-00C04F79EFBC}") = "Ex07", "Ex07\Ex07.csproj", "{18125ECE-E72F-4E54-88B8-741CC186EA7F}"
EndProject
Project("{FAE04EC0-301F-11D3-BF4B-00C04F79EFBC}") = "Ex08", "Ex08\Ex08.csproj", "{1080CE0F-0B78-409E-B68B-50E535F839A2}"
EndProject
Global
	GlobalSection(SolutionConfigurationPlatforms) = preSolution
		Debug|Any CPU = Debug|Any CPU
		Release|Any CPU = Release|Any CPU
	EndGlobalSection
	GlobalSection(SolutionProperties) = preSolution
		HideSolutionNode = FALSE
	EndGlobalSection
	GlobalSection(ProjectConfigurationPlatforms) = postSolution
		{75D199CA-E59A-4599-83F9-20BA28C7E0D0}.Debug|Any CPU.ActiveCfg = Debug|Any CPU
		{75D199CA-E59A-4599-83F9-20BA28C7E0D0}.Debug|Any CPU.Build.0 = Debug|Any CPU
		{75D199CA-E59A-4599-83F9-20BA28C7E0D0}.Release|Any CPU.ActiveCfg = Release|Any CPU
		{75D199CA-E59A-4599-83F9-20BA28C7E0D0}.Release|Any CPU.Build.0 = Release|Any CPU
		{C516D781-3AC0-468B-86C3-C62B1EEF2E6C}.Debug|Any CPU.ActiveCfg = Debug|Any CPU
		{C516D781-3AC0-468B-86C3-C62B1EEF2E6C}.Debug|Any CPU.Build.0 = Debug|Any CPU
		{C516D781-3AC0-468B-86C3-C62B1EEF2E6C}.Release|Any CPU.ActiveCfg = Release|Any CPU
		{C516D781-3AC0-468B-86C3-C62B1EEF2E6C}.Release|Any CPU.Build.0 = Release|Any CPU
		{2649E379-2E3A-4882-BA49-6584BE05F17C}.Debug|Any CPU.ActiveCfg = Debug|Any CPU
		{2649E379-2E3A-4882-BA49-6584BE05F17C}.Debug|Any CPU.Build.0 = Debug|Any CPU
		{2649E379-2E3A-4882-BA49-6584BE05F17C}.Release|Any CPU.ActiveCfg = Release|Any CPU
		{2649E379-2E3A-4882-BA49-6584BE05F17C}.Release|Any CPU.Build.0 = Release|Any CPU
		{FFCCAF0D-5C4B-4247-B2CA-ECB9644A7A62}.Debug|Any CPU.ActiveCfg = Debug|Any CPU
		{FFCCAF0D-5C4B-4247-B2CA-ECB9644A7A62}.Debug|Any CPU.Build.0 = Debug|Any CPU
		{FFCCAF0D-5C4B-4247-B2CA-ECB9644A7A62}.Release|Any CPU.ActiveCfg = Release|Any CPU
		{FFCCAF0D-5C4B-4247-B2CA-ECB9644A7A62}.Release|Any CPU.Build.0 = Release|Any CPU
		{6331EA56-1AED-4B8E-A7FF-90C3B9EF3E4C}.Debug|Any CPU.ActiveCfg = Debug|Any CPU
		{6331EA56-1AED-4B8E-A7FF-90C3B9EF3E4C}.Debug|Any CPU.Build.0 = Debug|Any CPU
		{6331EA56-1AED-4B8E-A7FF-90C3B9EF3E4C}.Release|Any CPU.ActiveCfg = Release|Any CPU
		{6331EA56-1AED-4B8E-A7FF-90C3B9EF3E4C}.Release|Any CPU.Build.0 = Release|Any CPU
		{D38EE789-CFD8-420E-A7A6-A72ECCD06343}.Debug|Any CPU.ActiveCfg = Debug|Any CPU
		{D38EE789-CFD8-420E-A7A6-A72ECCD06343}.Debug|Any CPU.Build.0 = Debug|Any CPU
		{D38EE789-CFD8-420E-A7A6-A72ECCD06343}.Release|Any CPU.ActiveCfg = Release|Any CPU
		{D38EE789-CFD8-420E-A7A6-A72ECCD06343}.Release|Any CPU.Build.0 = Release|Any CPU
		{18125ECE-E72F-4E54-88B8-741CC186EA7F}.Debug|Any CPU.ActiveCfg = Debug|Any CPU
		{18125ECE-E72F-4E54-88B8-741CC186EA7F}.Debug|Any CPU.Build.0 = Debug|Any CPU
		{18125ECE-E72F-4E54-88B8-741CC186EA7F}.Release|Any CPU.ActiveCfg = Release|Any CPU
		{18125ECE-E72F-4E54-88B8-741CC186EA7F}.Release|Any CPU.Build.0 = Release|Any CPU
		{1080CE0F-0B78-409E-B68B-50E535F839A2}.Debug|Any CPU.ActiveCfg = Debug|Any CPU
		{1080CE0F-0B78-409E-B68B-50E535F839A2}.Debug|Any CPU.Build.0 = Debug|Any CPU
		{1080CE0F-0B78-409E-B68B-50E535F839A2}.Release|Any CPU.ActiveCfg = Release|Any CPU
		{1080CE0F-0B78-409E-B68B-50E535F839A2}.Release|Any CPU.Build.0 = Release|Any CPU
	EndGlobalSection
EndGlobal
