
Microsoft Visual Studio Solution File, Format Version 12.00
# Visual Studio Version 17
VisualStudioVersion = 17.0.31903.59
MinimumVisualStudioVersion = 10.0.40219.1
Project("{FAE04EC0-301F-11D3-BF4B-00C04F79EFBC}") = "Ex01", "Ex01\Ex01.csproj", "{2D9268BB-9586-4802-A394-242A286E1DA0}"
EndProject
Project("{FAE04EC0-301F-11D3-BF4B-00C04F79EFBC}") = "Ex02", "Ex02\Ex02.csproj", "{629407A3-F604-4692-A938-959510BBD6FF}"
EndProject
Project("{FAE04EC0-301F-11D3-BF4B-00C04F79EFBC}") = "Ex03", "Ex03\Ex03.csproj", "{2869BD74-DE8C-421B-A77A-85D29DC82005}"
EndProject
Project("{FAE04EC0-301F-11D3-BF4B-00C04F79EFBC}") = "Ex04", "Ex04\Ex04.csproj", "{96A12316-0878-4893-AF26-BDF86F659DDF}"
EndProject
Project("{FAE04EC0-301F-11D3-BF4B-00C04F79EFBC}") = "Ex05", "Ex05\Ex05.csproj", "{5A9A09D1-C98E-4548-892E-2F634E68F9DC}"
EndProject
Project("{FAE04EC0-301F-11D3-BF4B-00C04F79EFBC}") = "Ex06", "Ex06\Ex06.csproj", "{62730036-DFBC-42F2-9063-998E8D84C5E1}"
EndProject
Project("{FAE04EC0-301F-11D3-BF4B-00C04F79EFBC}") = "Ex07", "Ex07\Ex07.csproj", "{8470E8DD-D5D5-434B-95BB-B9EBBAC0795B}"
EndProject
Project("{FAE04EC0-301F-11D3-BF4B-00C04F79EFBC}") = "Ex08", "Ex08\Ex08.csproj", "{F4D975FC-481E-46D2-B359-F0949AC8540E}"
EndProject
Project("{FAE04EC0-301F-11D3-BF4B-00C04F79EFBC}") = "Ex09", "Ex09\Ex09.csproj", "{8DB6B13A-F7E3-4CE6-865F-CCC44BCD9A8C}"
EndProject
Project("{FAE04EC0-301F-11D3-BF4B-00C04F79EFBC}") = "Ex10", "Ex10\Ex10.csproj", "{E6F007BD-7D05-47C1-A093-ADC836E1662F}"
EndProject
Project("{FAE04EC0-301F-11D3-BF4B-00C04F79EFBC}") = "Ex11", "Ex11\Ex11.csproj", "{2A6516E0-EC63-47AD-8587-0EE1F9289621}"
EndProject
Project("{FAE04EC0-301F-11D3-BF4B-00C04F79EFBC}") = "Ex12", "Ex12\Ex12.csproj", "{9D91EE4E-0A8D-4DCA-A2E0-87BBE341E2A9}"
EndProject
Project("{FAE04EC0-301F-11D3-BF4B-00C04F79EFBC}") = "Ex13", "Ex13\Ex13.csproj", "{4B6AB71A-62D4-4FC2-AB31-34A1240D5901}"
EndProject
Global
	GlobalSection(SolutionConfigurationPlatforms) = preSolution
		Debug|Any CPU = Debug|Any CPU
		Release|Any CPU = Release|Any CPU
	EndGlobalSection
	GlobalSection(SolutionProperties) = preSolution
		HideSolutionNode = FALSE
	EndGlobalSection
	GlobalSection(ProjectConfigurationPlatforms) = postSolution
		{2D9268BB-9586-4802-A394-242A286E1DA0}.Debug|Any CPU.ActiveCfg = Debug|Any CPU
		{2D9268BB-9586-4802-A394-242A286E1DA0}.Debug|Any CPU.Build.0 = Debug|Any CPU
		{2D9268BB-9586-4802-A394-242A286E1DA0}.Release|Any CPU.ActiveCfg = Release|Any CPU
		{2D9268BB-9586-4802-A394-242A286E1DA0}.Release|Any CPU.Build.0 = Release|Any CPU
		{629407A3-F604-4692-A938-959510BBD6FF}.Debug|Any CPU.ActiveCfg = Debug|Any CPU
		{629407A3-F604-4692-A938-959510BBD6FF}.Debug|Any CPU.Build.0 = Debug|Any CPU
		{629407A3-F604-4692-A938-959510BBD6FF}.Release|Any CPU.ActiveCfg = Release|Any CPU
		{629407A3-F604-4692-A938-959510BBD6FF}.Release|Any CPU.Build.0 = Release|Any CPU
		{2869BD74-DE8C-421B-A77A-85D29DC82005}.Debug|Any CPU.ActiveCfg = Debug|Any CPU
		{2869BD74-DE8C-421B-A77A-85D29DC82005}.Debug|Any CPU.Build.0 = Debug|Any CPU
		{2869BD74-DE8C-421B-A77A-85D29DC82005}.Release|Any CPU.ActiveCfg = Release|Any CPU
		{2869BD74-DE8C-421B-A77A-85D29DC82005}.Release|Any CPU.Build.0 = Release|Any CPU
		{96A12316-0878-4893-AF26-BDF86F659DDF}.Debug|Any CPU.ActiveCfg = Debug|Any CPU
		{96A12316-0878-4893-AF26-BDF86F659DDF}.Debug|Any CPU.Build.0 = Debug|Any CPU
		{96A12316-0878-4893-AF26-BDF86F659DDF}.Release|Any CPU.ActiveCfg = Release|Any CPU
		{96A12316-0878-4893-AF26-BDF86F659DDF}.Release|Any CPU.Build.0 = Release|Any CPU
		{5A9A09D1-C98E-4548-892E-2F634E68F9DC}.Debug|Any CPU.ActiveCfg = Debug|Any CPU
		{5A9A09D1-C98E-4548-892E-2F634E68F9DC}.Debug|Any CPU.Build.0 = Debug|Any CPU
		{5A9A09D1-C98E-4548-892E-2F634E68F9DC}.Release|Any CPU.ActiveCfg = Release|Any CPU
		{5A9A09D1-C98E-4548-892E-2F634E68F9DC}.Release|Any CPU.Build.0 = Release|Any CPU
		{62730036-DFBC-42F2-9063-998E8D84C5E1}.Debug|Any CPU.ActiveCfg = Debug|Any CPU
		{62730036-DFBC-42F2-9063-998E8D84C5E1}.Debug|Any CPU.Build.0 = Debug|Any CPU
		{62730036-DFBC-42F2-9063-998E8D84C5E1}.Release|Any CPU.ActiveCfg = Release|Any CPU
		{62730036-DFBC-42F2-9063-998E8D84C5E1}.Release|Any CPU.Build.0 = Release|Any CPU
		{8470E8DD-D5D5-434B-95BB-B9EBBAC0795B}.Debug|Any CPU.ActiveCfg = Debug|Any CPU
		{8470E8DD-D5D5-434B-95BB-B9EBBAC0795B}.Debug|Any CPU.Build.0 = Debug|Any CPU
		{8470E8DD-D5D5-434B-95BB-B9EBBAC0795B}.Release|Any CPU.ActiveCfg = Release|Any CPU
		{8470E8DD-D5D5-434B-95BB-B9EBBAC0795B}.Release|Any CPU.Build.0 = Release|Any CPU
		{F4D975FC-481E-46D2-B359-F0949AC8540E}.Debug|Any CPU.ActiveCfg = Debug|Any CPU
		{F4D975FC-481E-46D2-B359-F0949AC8540E}.Debug|Any CPU.Build.0 = Debug|Any CPU
		{F4D975FC-481E-46D2-B359-F0949AC8540E}.Release|Any CPU.ActiveCfg = Release|Any CPU
		{F4D975FC-481E-46D2-B359-F0949AC8540E}.Release|Any CPU.Build.0 = Release|Any CPU
		{8DB6B13A-F7E3-4CE6-865F-CCC44BCD9A8C}.Debug|Any CPU.ActiveCfg = Debug|Any CPU
		{8DB6B13A-F7E3-4CE6-865F-CCC44BCD9A8C}.Debug|Any CPU.Build.0 = Debug|Any CPU
		{8DB6B13A-F7E3-4CE6-865F-CCC44BCD9A8C}.Release|Any CPU.ActiveCfg = Release|Any CPU
		{8DB6B13A-F7E3-4CE6-865F-CCC44BCD9A8C}.Release|Any CPU.Build.0 = Release|Any CPU
		{E6F007BD-7D05-47C1-A093-ADC836E1662F}.Debug|Any CPU.ActiveCfg = Debug|Any CPU
		{E6F007BD-7D05-47C1-A093-ADC836E1662F}.Debug|Any CPU.Build.0 = Debug|Any CPU
		{E6F007BD-7D05-47C1-A093-ADC836E1662F}.Release|Any CPU.ActiveCfg = Release|Any CPU
		{E6F007BD-7D05-47C1-A093-ADC836E1662F}.Release|Any CPU.Build.0 = Release|Any CPU
		{2A6516E0-EC63-47AD-8587-0EE1F9289621}.Debug|Any CPU.ActiveCfg = Debug|Any CPU
		{2A6516E0-EC63-47AD-8587-0EE1F9289621}.Debug|Any CPU.Build.0 = Debug|Any CPU
		{2A6516E0-EC63-47AD-8587-0EE1F9289621}.Release|Any CPU.ActiveCfg = Release|Any CPU
		{2A6516E0-EC63-47AD-8587-0EE1F9289621}.Release|Any CPU.Build.0 = Release|Any CPU
		{9D91EE4E-0A8D-4DCA-A2E0-87BBE341E2A9}.Debug|Any CPU.ActiveCfg = Debug|Any CPU
		{9D91EE4E-0A8D-4DCA-A2E0-87BBE341E2A9}.Debug|Any CPU.Build.0 = Debug|Any CPU
		{9D91EE4E-0A8D-4DCA-A2E0-87BBE341E2A9}.Release|Any CPU.ActiveCfg = Release|Any CPU
		{9D91EE4E-0A8D-4DCA-A2E0-87BBE341E2A9}.Release|Any CPU.Build.0 = Release|Any CPU
		{4B6AB71A-62D4-4FC2-AB31-34A1240D5901}.Debug|Any CPU.ActiveCfg = Debug|Any CPU
		{4B6AB71A-62D4-4FC2-AB31-34A1240D5901}.Debug|Any CPU.Build.0 = Debug|Any CPU
		{4B6AB71A-62D4-4FC2-AB31-34A1240D5901}.Release|Any CPU.ActiveCfg = Release|Any CPU
		{4B6AB71A-62D4-4FC2-AB31-34A1240D5901}.Release|Any CPU.Build.0 = Release|Any CPU
	EndGlobalSection
EndGlobal
