
Microsoft Visual Studio Solution File, Format Version 12.00
# Visual Studio Version 17
VisualStudioVersion = 17.0.31903.59
MinimumVisualStudioVersion = 10.0.40219.1
Project("{FAE04EC0-301F-11D3-BF4B-00C04F79EFBC}") = "Ex01", "Ex01\Ex01.csproj", "{D8118E86-CD75-44AC-A833-CC8E4AD03413}"
EndProject
Project("{FAE04EC0-301F-11D3-BF4B-00C04F79EFBC}") = "Ex02", "Ex02\Ex02.csproj", "{A2528C4E-BC09-4E7F-A74A-BB886C6A434E}"
EndProject
Project("{FAE04EC0-301F-11D3-BF4B-00C04F79EFBC}") = "Ex03", "Ex03\Ex03.csproj", "{073188F8-B1AF-42C7-BAC0-B892BFBDE3F8}"
EndProject
Project("{FAE04EC0-301F-11D3-BF4B-00C04F79EFBC}") = "Ex04", "Ex04\Ex04.csproj", "{F5C3A0B4-0F84-4239-99AB-EED6843609B9}"
EndProject
Project("{FAE04EC0-301F-11D3-BF4B-00C04F79EFBC}") = "Ex05", "Ex05\Ex05.csproj", "{B2B8C83E-378B-43C7-AD45-420883C203CD}"
EndProject
Project("{FAE04EC0-301F-11D3-BF4B-00C04F79EFBC}") = "Ex06", "Ex06\Ex06.csproj", "{3C5A3B9E-2C67-4CC0-B43E-957A489BA6B8}"
EndProject
Project("{FAE04EC0-301F-11D3-BF4B-00C04F79EFBC}") = "Ex07", "Ex07\Ex07.csproj", "{EE6B7CD6-3FCB-4269-B1C9-85ACE7851BEF}"
EndProject
Project("{FAE04EC0-301F-11D3-BF4B-00C04F79EFBC}") = "Ex08", "Ex08\Ex08.csproj", "{E3B1FBA4-032E-44FA-B7D3-932D04125899}"
EndProject
Project("{FAE04EC0-301F-11D3-BF4B-00C04F79EFBC}") = "Ex09", "Ex09\Ex09.csproj", "{15A2D722-8C46-49A6-8BA5-636BBABF64D8}"
EndProject
Project("{FAE04EC0-301F-11D3-BF4B-00C04F79EFBC}") = "Ex10", "Ex10\Ex10.csproj", "{882E2582-D3ED-4B29-95D8-44095D63BFDF}"
EndProject
Project("{FAE04EC0-301F-11D3-BF4B-00C04F79EFBC}") = "Ex11", "Ex11\Ex11.csproj", "{08C23F79-540A-4DAC-B17A-A84CEE7CF99D}"
EndProject
Project("{FAE04EC0-301F-11D3-BF4B-00C04F79EFBC}") = "Ex12", "Ex12\Ex12.csproj", "{E357F19E-0431-4C5E-A050-E3D3583B48EF}"
EndProject
Project("{FAE04EC0-301F-11D3-BF4B-00C04F79EFBC}") = "Ex13", "Ex13\Ex13.csproj", "{4463A83B-19C2-4BCB-81FB-D1B6C7CEE3DF}"
EndProject
Project("{FAE04EC0-301F-11D3-BF4B-00C04F79EFBC}") = "Ex14", "Ex14\Ex14.csproj", "{67987AD0-E407-46AB-B805-C6E4AD421023}"
EndProject
Project("{FAE04EC0-301F-11D3-BF4B-00C04F79EFBC}") = "Ex15", "Ex15\Ex15.csproj", "{E0A3FC53-3448-4B8D-BA4B-C7FB63624EBA}"
EndProject
Project("{FAE04EC0-301F-11D3-BF4B-00C04F79EFBC}") = "Ex16", "Ex16\Ex16.csproj", "{AF558CDA-9B83-4E57-AA46-59DAF86A1CBA}"
EndProject
Project("{FAE04EC0-301F-11D3-BF4B-00C04F79EFBC}") = "Ex17", "Ex17\Ex17.csproj", "{FE391467-9838-4272-9A78-544C516EB06B}"
EndProject
Project("{FAE04EC0-301F-11D3-BF4B-00C04F79EFBC}") = "Ex18", "Ex18\Ex18.csproj", "{727EFEB1-72CA-4375-93A9-0842B61368FA}"
EndProject
Project("{FAE04EC0-301F-11D3-BF4B-00C04F79EFBC}") = "Ex19", "Ex19\Ex19.csproj", "{3304B070-1DA2-4FF0-A27E-9411504C441C}"
EndProject
Project("{FAE04EC0-301F-11D3-BF4B-00C04F79EFBC}") = "Ex20", "Ex20\Ex20.csproj", "{156CF37E-6B80-4FF2-9F45-5050618DAF4A}"
EndProject
Project("{FAE04EC0-301F-11D3-BF4B-00C04F79EFBC}") = "Ex21", "Ex21\Ex21.csproj", "{DCB933DF-02B6-4889-87A3-EC7D517CACAF}"
EndProject
Project("{FAE04EC0-301F-11D3-BF4B-00C04F79EFBC}") = "Ex22", "Ex22\Ex22.csproj", "{70CF26C9-98D2-4899-8DFE-3D6E34532395}"
EndProject
Project("{FAE04EC0-301F-11D3-BF4B-00C04F79EFBC}") = "Ex23", "Ex23\Ex23.csproj", "{05192ED2-E52A-4F7B-A529-175F8DC9BD28}"
EndProject
Project("{FAE04EC0-301F-11D3-BF4B-00C04F79EFBC}") = "Ex24", "Ex24\Ex24.csproj", "{438C4366-88FD-4DA8-9958-B5A975B313BD}"
EndProject
Project("{FAE04EC0-301F-11D3-BF4B-00C04F79EFBC}") = "Ex25", "Ex25\Ex25.csproj", "{F60B6A81-4188-4581-AB1A-75D65134F7FA}"
EndProject
Project("{FAE04EC0-301F-11D3-BF4B-00C04F79EFBC}") = "Ex26", "Ex26\Ex26.csproj", "{985CD942-4DBB-4F51-846A-919FB26C24D0}"
EndProject
Project("{FAE04EC0-301F-11D3-BF4B-00C04F79EFBC}") = "Ex27", "Ex27\Ex27.csproj", "{16C4FA7A-818F-4428-B453-AB743825051C}"
EndProject
Global
	GlobalSection(SolutionConfigurationPlatforms) = preSolution
		Debug|Any CPU = Debug|Any CPU
		Release|Any CPU = Release|Any CPU
	EndGlobalSection
	GlobalSection(SolutionProperties) = preSolution
		HideSolutionNode = FALSE
	EndGlobalSection
	GlobalSection(ProjectConfigurationPlatforms) = postSolution
		{D8118E86-CD75-44AC-A833-CC8E4AD03413}.Debug|Any CPU.ActiveCfg = Debug|Any CPU
		{D8118E86-CD75-44AC-A833-CC8E4AD03413}.Debug|Any CPU.Build.0 = Debug|Any CPU
		{D8118E86-CD75-44AC-A833-CC8E4AD03413}.Release|Any CPU.ActiveCfg = Release|Any CPU
		{D8118E86-CD75-44AC-A833-CC8E4AD03413}.Release|Any CPU.Build.0 = Release|Any CPU
		{A2528C4E-BC09-4E7F-A74A-BB886C6A434E}.Debug|Any CPU.ActiveCfg = Debug|Any CPU
		{A2528C4E-BC09-4E7F-A74A-BB886C6A434E}.Debug|Any CPU.Build.0 = Debug|Any CPU
		{A2528C4E-BC09-4E7F-A74A-BB886C6A434E}.Release|Any CPU.ActiveCfg = Release|Any CPU
		{A2528C4E-BC09-4E7F-A74A-BB886C6A434E}.Release|Any CPU.Build.0 = Release|Any CPU
		{073188F8-B1AF-42C7-BAC0-B892BFBDE3F8}.Debug|Any CPU.ActiveCfg = Debug|Any CPU
		{073188F8-B1AF-42C7-BAC0-B892BFBDE3F8}.Debug|Any CPU.Build.0 = Debug|Any CPU
		{073188F8-B1AF-42C7-BAC0-B892BFBDE3F8}.Release|Any CPU.ActiveCfg = Release|Any CPU
		{073188F8-B1AF-42C7-BAC0-B892BFBDE3F8}.Release|Any CPU.Build.0 = Release|Any CPU
		{F5C3A0B4-0F84-4239-99AB-EED6843609B9}.Debug|Any CPU.ActiveCfg = Debug|Any CPU
		{F5C3A0B4-0F84-4239-99AB-EED6843609B9}.Debug|Any CPU.Build.0 = Debug|Any CPU
		{F5C3A0B4-0F84-4239-99AB-EED6843609B9}.Release|Any CPU.ActiveCfg = Release|Any CPU
		{F5C3A0B4-0F84-4239-99AB-EED6843609B9}.Release|Any CPU.Build.0 = Release|Any CPU
		{B2B8C83E-378B-43C7-AD45-420883C203CD}.Debug|Any CPU.ActiveCfg = Debug|Any CPU
		{B2B8C83E-378B-43C7-AD45-420883C203CD}.Debug|Any CPU.Build.0 = Debug|Any CPU
		{B2B8C83E-378B-43C7-AD45-420883C203CD}.Release|Any CPU.ActiveCfg = Release|Any CPU
		{B2B8C83E-378B-43C7-AD45-420883C203CD}.Release|Any CPU.Build.0 = Release|Any CPU
		{3C5A3B9E-2C67-4CC0-B43E-957A489BA6B8}.Debug|Any CPU.ActiveCfg = Debug|Any CPU
		{3C5A3B9E-2C67-4CC0-B43E-957A489BA6B8}.Debug|Any CPU.Build.0 = Debug|Any CPU
		{3C5A3B9E-2C67-4CC0-B43E-957A489BA6B8}.Release|Any CPU.ActiveCfg = Release|Any CPU
		{3C5A3B9E-2C67-4CC0-B43E-957A489BA6B8}.Release|Any CPU.Build.0 = Release|Any CPU
		{EE6B7CD6-3FCB-4269-B1C9-85ACE7851BEF}.Debug|Any CPU.ActiveCfg = Debug|Any CPU
		{EE6B7CD6-3FCB-4269-B1C9-85ACE7851BEF}.Debug|Any CPU.Build.0 = Debug|Any CPU
		{EE6B7CD6-3FCB-4269-B1C9-85ACE7851BEF}.Release|Any CPU.ActiveCfg = Release|Any CPU
		{EE6B7CD6-3FCB-4269-B1C9-85ACE7851BEF}.Release|Any CPU.Build.0 = Release|Any CPU
		{E3B1FBA4-032E-44FA-B7D3-932D04125899}.Debug|Any CPU.ActiveCfg = Debug|Any CPU
		{E3B1FBA4-032E-44FA-B7D3-932D04125899}.Debug|Any CPU.Build.0 = Debug|Any CPU
		{E3B1FBA4-032E-44FA-B7D3-932D04125899}.Release|Any CPU.ActiveCfg = Release|Any CPU
		{E3B1FBA4-032E-44FA-B7D3-932D04125899}.Release|Any CPU.Build.0 = Release|Any CPU
		{15A2D722-8C46-49A6-8BA5-636BBABF64D8}.Debug|Any CPU.ActiveCfg = Debug|Any CPU
		{15A2D722-8C46-49A6-8BA5-636BBABF64D8}.Debug|Any CPU.Build.0 = Debug|Any CPU
		{15A2D722-8C46-49A6-8BA5-636BBABF64D8}.Release|Any CPU.ActiveCfg = Release|Any CPU
		{15A2D722-8C46-49A6-8BA5-636BBABF64D8}.Release|Any CPU.Build.0 = Release|Any CPU
		{882E2582-D3ED-4B29-95D8-44095D63BFDF}.Debug|Any CPU.ActiveCfg = Debug|Any CPU
		{882E2582-D3ED-4B29-95D8-44095D63BFDF}.Debug|Any CPU.Build.0 = Debug|Any CPU
		{882E2582-D3ED-4B29-95D8-44095D63BFDF}.Release|Any CPU.ActiveCfg = Release|Any CPU
		{882E2582-D3ED-4B29-95D8-44095D63BFDF}.Release|Any CPU.Build.0 = Release|Any CPU
		{08C23F79-540A-4DAC-B17A-A84CEE7CF99D}.Debug|Any CPU.ActiveCfg = Debug|Any CPU
		{08C23F79-540A-4DAC-B17A-A84CEE7CF99D}.Debug|Any CPU.Build.0 = Debug|Any CPU
		{08C23F79-540A-4DAC-B17A-A84CEE7CF99D}.Release|Any CPU.ActiveCfg = Release|Any CPU
		{08C23F79-540A-4DAC-B17A-A84CEE7CF99D}.Release|Any CPU.Build.0 = Release|Any CPU
		{E357F19E-0431-4C5E-A050-E3D3583B48EF}.Debug|Any CPU.ActiveCfg = Debug|Any CPU
		{E357F19E-0431-4C5E-A050-E3D3583B48EF}.Debug|Any CPU.Build.0 = Debug|Any CPU
		{E357F19E-0431-4C5E-A050-E3D3583B48EF}.Release|Any CPU.ActiveCfg = Release|Any CPU
		{E357F19E-0431-4C5E-A050-E3D3583B48EF}.Release|Any CPU.Build.0 = Release|Any CPU
		{4463A83B-19C2-4BCB-81FB-D1B6C7CEE3DF}.Debug|Any CPU.ActiveCfg = Debug|Any CPU
		{4463A83B-19C2-4BCB-81FB-D1B6C7CEE3DF}.Debug|Any CPU.Build.0 = Debug|Any CPU
		{4463A83B-19C2-4BCB-81FB-D1B6C7CEE3DF}.Release|Any CPU.ActiveCfg = Release|Any CPU
		{4463A83B-19C2-4BCB-81FB-D1B6C7CEE3DF}.Release|Any CPU.Build.0 = Release|Any CPU
		{67987AD0-E407-46AB-B805-C6E4AD421023}.Debug|Any CPU.ActiveCfg = Debug|Any CPU
		{67987AD0-E407-46AB-B805-C6E4AD421023}.Debug|Any CPU.Build.0 = Debug|Any CPU
		{67987AD0-E407-46AB-B805-C6E4AD421023}.Release|Any CPU.ActiveCfg = Release|Any CPU
		{67987AD0-E407-46AB-B805-C6E4AD421023}.Release|Any CPU.Build.0 = Release|Any CPU
		{E0A3FC53-3448-4B8D-BA4B-C7FB63624EBA}.Debug|Any CPU.ActiveCfg = Debug|Any CPU
		{E0A3FC53-3448-4B8D-BA4B-C7FB63624EBA}.Debug|Any CPU.Build.0 = Debug|Any CPU
		{E0A3FC53-3448-4B8D-BA4B-C7FB63624EBA}.Release|Any CPU.ActiveCfg = Release|Any CPU
		{E0A3FC53-3448-4B8D-BA4B-C7FB63624EBA}.Release|Any CPU.Build.0 = Release|Any CPU
		{AF558CDA-9B83-4E57-AA46-59DAF86A1CBA}.Debug|Any CPU.ActiveCfg = Debug|Any CPU
		{AF558CDA-9B83-4E57-AA46-59DAF86A1CBA}.Debug|Any CPU.Build.0 = Debug|Any CPU
		{AF558CDA-9B83-4E57-AA46-59DAF86A1CBA}.Release|Any CPU.ActiveCfg = Release|Any CPU
		{AF558CDA-9B83-4E57-AA46-59DAF86A1CBA}.Release|Any CPU.Build.0 = Release|Any CPU
		{FE391467-9838-4272-9A78-544C516EB06B}.Debug|Any CPU.ActiveCfg = Debug|Any CPU
		{FE391467-9838-4272-9A78-544C516EB06B}.Debug|Any CPU.Build.0 = Debug|Any CPU
		{FE391467-9838-4272-9A78-544C516EB06B}.Release|Any CPU.ActiveCfg = Release|Any CPU
		{FE391467-9838-4272-9A78-544C516EB06B}.Release|Any CPU.Build.0 = Release|Any CPU
		{727EFEB1-72CA-4375-93A9-0842B61368FA}.Debug|Any CPU.ActiveCfg = Debug|Any CPU
		{727EFEB1-72CA-4375-93A9-0842B61368FA}.Debug|Any CPU.Build.0 = Debug|Any CPU
		{727EFEB1-72CA-4375-93A9-0842B61368FA}.Release|Any CPU.ActiveCfg = Release|Any CPU
		{727EFEB1-72CA-4375-93A9-0842B61368FA}.Release|Any CPU.Build.0 = Release|Any CPU
		{3304B070-1DA2-4FF0-A27E-9411504C441C}.Debug|Any CPU.ActiveCfg = Debug|Any CPU
		{3304B070-1DA2-4FF0-A27E-9411504C441C}.Debug|Any CPU.Build.0 = Debug|Any CPU
		{3304B070-1DA2-4FF0-A27E-9411504C441C}.Release|Any CPU.ActiveCfg = Release|Any CPU
		{3304B070-1DA2-4FF0-A27E-9411504C441C}.Release|Any CPU.Build.0 = Release|Any CPU
		{156CF37E-6B80-4FF2-9F45-5050618DAF4A}.Debug|Any CPU.ActiveCfg = Debug|Any CPU
		{156CF37E-6B80-4FF2-9F45-5050618DAF4A}.Debug|Any CPU.Build.0 = Debug|Any CPU
		{156CF37E-6B80-4FF2-9F45-5050618DAF4A}.Release|Any CPU.ActiveCfg = Release|Any CPU
		{156CF37E-6B80-4FF2-9F45-5050618DAF4A}.Release|Any CPU.Build.0 = Release|Any CPU
		{DCB933DF-02B6-4889-87A3-EC7D517CACAF}.Debug|Any CPU.ActiveCfg = Debug|Any CPU
		{DCB933DF-02B6-4889-87A3-EC7D517CACAF}.Debug|Any CPU.Build.0 = Debug|Any CPU
		{DCB933DF-02B6-4889-87A3-EC7D517CACAF}.Release|Any CPU.ActiveCfg = Release|Any CPU
		{DCB933DF-02B6-4889-87A3-EC7D517CACAF}.Release|Any CPU.Build.0 = Release|Any CPU
		{70CF26C9-98D2-4899-8DFE-3D6E34532395}.Debug|Any CPU.ActiveCfg = Debug|Any CPU
		{70CF26C9-98D2-4899-8DFE-3D6E34532395}.Debug|Any CPU.Build.0 = Debug|Any CPU
		{70CF26C9-98D2-4899-8DFE-3D6E34532395}.Release|Any CPU.ActiveCfg = Release|Any CPU
		{70CF26C9-98D2-4899-8DFE-3D6E34532395}.Release|Any CPU.Build.0 = Release|Any CPU
		{05192ED2-E52A-4F7B-A529-175F8DC9BD28}.Debug|Any CPU.ActiveCfg = Debug|Any CPU
		{05192ED2-E52A-4F7B-A529-175F8DC9BD28}.Debug|Any CPU.Build.0 = Debug|Any CPU
		{05192ED2-E52A-4F7B-A529-175F8DC9BD28}.Release|Any CPU.ActiveCfg = Release|Any CPU
		{05192ED2-E52A-4F7B-A529-175F8DC9BD28}.Release|Any CPU.Build.0 = Release|Any CPU
		{438C4366-88FD-4DA8-9958-B5A975B313BD}.Debug|Any CPU.ActiveCfg = Debug|Any CPU
		{438C4366-88FD-4DA8-9958-B5A975B313BD}.Debug|Any CPU.Build.0 = Debug|Any CPU
		{438C4366-88FD-4DA8-9958-B5A975B313BD}.Release|Any CPU.ActiveCfg = Release|Any CPU
		{438C4366-88FD-4DA8-9958-B5A975B313BD}.Release|Any CPU.Build.0 = Release|Any CPU
		{F60B6A81-4188-4581-AB1A-75D65134F7FA}.Debug|Any CPU.ActiveCfg = Debug|Any CPU
		{F60B6A81-4188-4581-AB1A-75D65134F7FA}.Debug|Any CPU.Build.0 = Debug|Any CPU
		{F60B6A81-4188-4581-AB1A-75D65134F7FA}.Release|Any CPU.ActiveCfg = Release|Any CPU
		{F60B6A81-4188-4581-AB1A-75D65134F7FA}.Release|Any CPU.Build.0 = Release|Any CPU
		{985CD942-4DBB-4F51-846A-919FB26C24D0}.Debug|Any CPU.ActiveCfg = Debug|Any CPU
		{985CD942-4DBB-4F51-846A-919FB26C24D0}.Debug|Any CPU.Build.0 = Debug|Any CPU
		{985CD942-4DBB-4F51-846A-919FB26C24D0}.Release|Any CPU.ActiveCfg = Release|Any CPU
		{985CD942-4DBB-4F51-846A-919FB26C24D0}.Release|Any CPU.Build.0 = Release|Any CPU
		{16C4FA7A-818F-4428-B453-AB743825051C}.Debug|Any CPU.ActiveCfg = Debug|Any CPU
		{16C4FA7A-818F-4428-B453-AB743825051C}.Debug|Any CPU.Build.0 = Debug|Any CPU
		{16C4FA7A-818F-4428-B453-AB743825051C}.Release|Any CPU.ActiveCfg = Release|Any CPU
		{16C4FA7A-818F-4428-B453-AB743825051C}.Release|Any CPU.Build.0 = Release|Any CPU
	EndGlobalSection
EndGlobal
