
Microsoft Visual Studio Solution File, Format Version 12.00
# Visual Studio Version 17
VisualStudioVersion = 17.0.31903.59
MinimumVisualStudioVersion = 10.0.40219.1
Project("{FAE04EC0-301F-11D3-BF4B-00C04F79EFBC}") = "Ex01", "Ex01\Ex01.csproj", "{D8118E86-CD75-44AC-A833-CC8E4AD03413}"
EndProject
Project("{FAE04EC0-301F-11D3-BF4B-00C04F79EFBC}") = "Ex02", "Ex02\Ex02.csproj", "{A2528C4E-BC09-4E7F-A74A-BB886C6A434E}"
EndProject
Project("{FAE04EC0-301F-11D3-BF4B-00C04F79EFBC}") = "Ex03", "Ex03\Ex03.csproj", "{073188F8-B1AF-42C7-BAC0-B892BFBDE3F8}"
EndProject
Project("{FAE04EC0-301F-11D3-BF4B-00C04F79EFBC}") = "Ex04", "Ex04\Ex04.csproj", "{F5C3A0B4-0F84-4239-99AB-EED6843609B9}"
EndProject
Project("{FAE04EC0-301F-11D3-BF4B-00C04F79EFBC}") = "Ex05", "Ex05\Ex05.csproj", "{B2B8C83E-378B-43C7-AD45-420883C203CD}"
EndProject
Project("{FAE04EC0-301F-11D3-BF4B-00C04F79EFBC}") = "Ex06", "Ex06\Ex06.csproj", "{3C5A3B9E-2C67-4CC0-B43E-957A489BA6B8}"
EndProject
Project("{FAE04EC0-301F-11D3-BF4B-00C04F79EFBC}") = "Ex07", "Ex07\Ex07.csproj", "{EE6B7CD6-3FCB-4269-B1C9-85ACE7851BEF}"
EndProject
Project("{FAE04EC0-301F-11D3-BF4B-00C04F79EFBC}") = "Ex08", "Ex08\Ex08.csproj", "{E3B1FBA4-032E-44FA-B7D3-932D04125899}"
EndProject
Project("{FAE04EC0-301F-11D3-BF4B-00C04F79EFBC}") = "Ex09", "Ex09\Ex09.csproj", "{15A2D722-8C46-49A6-8BA5-636BBABF64D8}"
EndProject
Project("{FAE04EC0-301F-11D3-BF4B-00C04F79EFBC}") = "Ex10", "Ex10\Ex10.csproj", "{882E2582-D3ED-4B29-95D8-44095D63BFDF}"
EndProject
Project("{FAE04EC0-301F-11D3-BF4B-00C04F79EFBC}") = "Ex11", "Ex11\Ex11.csproj", "{08C23F79-540A-4DAC-B17A-A84CEE7CF99D}"
EndProject
Global
	GlobalSection(SolutionConfigurationPlatforms) = preSolution
		Debug|Any CPU = Debug|Any CPU
		Release|Any CPU = Release|Any CPU
	EndGlobalSection
	GlobalSection(SolutionProperties) = preSolution
		HideSolutionNode = FALSE
	EndGlobalSection
	GlobalSection(ProjectConfigurationPlatforms) = postSolution
		{D8118E86-CD75-44AC-A833-CC8E4AD03413}.Debug|Any CPU.ActiveCfg = Debug|Any CPU
		{D8118E86-CD75-44AC-A833-CC8E4AD03413}.Debug|Any CPU.Build.0 = Debug|Any CPU
		{D8118E86-CD75-44AC-A833-CC8E4AD03413}.Release|Any CPU.ActiveCfg = Release|Any CPU
		{D8118E86-CD75-44AC-A833-CC8E4AD03413}.Release|Any CPU.Build.0 = Release|Any CPU
		{A2528C4E-BC09-4E7F-A74A-BB886C6A434E}.Debug|Any CPU.ActiveCfg = Debug|Any CPU
		{A2528C4E-BC09-4E7F-A74A-BB886C6A434E}.Debug|Any CPU.Build.0 = Debug|Any CPU
		{A2528C4E-BC09-4E7F-A74A-BB886C6A434E}.Release|Any CPU.ActiveCfg = Release|Any CPU
		{A2528C4E-BC09-4E7F-A74A-BB886C6A434E}.Release|Any CPU.Build.0 = Release|Any CPU
		{073188F8-B1AF-42C7-BAC0-B892BFBDE3F8}.Debug|Any CPU.ActiveCfg = Debug|Any CPU
		{073188F8-B1AF-42C7-BAC0-B892BFBDE3F8}.Debug|Any CPU.Build.0 = Debug|Any CPU
		{073188F8-B1AF-42C7-BAC0-B892BFBDE3F8}.Release|Any CPU.ActiveCfg = Release|Any CPU
		{073188F8-B1AF-42C7-BAC0-B892BFBDE3F8}.Release|Any CPU.Build.0 = Release|Any CPU
		{F5C3A0B4-0F84-4239-99AB-EED6843609B9}.Debug|Any CPU.ActiveCfg = Debug|Any CPU
		{F5C3A0B4-0F84-4239-99AB-EED6843609B9}.Debug|Any CPU.Build.0 = Debug|Any CPU
		{F5C3A0B4-0F84-4239-99AB-EED6843609B9}.Release|Any CPU.ActiveCfg = Release|Any CPU
		{F5C3A0B4-0F84-4239-99AB-EED6843609B9}.Release|Any CPU.Build.0 = Release|Any CPU
		{B2B8C83E-378B-43C7-AD45-420883C203CD}.Debug|Any CPU.ActiveCfg = Debug|Any CPU
		{B2B8C83E-378B-43C7-AD45-420883C203CD}.Debug|Any CPU.Build.0 = Debug|Any CPU
		{B2B8C83E-378B-43C7-AD45-420883C203CD}.Release|Any CPU.ActiveCfg = Release|Any CPU
		{B2B8C83E-378B-43C7-AD45-420883C203CD}.Release|Any CPU.Build.0 = Release|Any CPU
		{3C5A3B9E-2C67-4CC0-B43E-957A489BA6B8}.Debug|Any CPU.ActiveCfg = Debug|Any CPU
		{3C5A3B9E-2C67-4CC0-B43E-957A489BA6B8}.Debug|Any CPU.Build.0 = Debug|Any CPU
		{3C5A3B9E-2C67-4CC0-B43E-957A489BA6B8}.Release|Any CPU.ActiveCfg = Release|Any CPU
		{3C5A3B9E-2C67-4CC0-B43E-957A489BA6B8}.Release|Any CPU.Build.0 = Release|Any CPU
		{EE6B7CD6-3FCB-4269-B1C9-85ACE7851BEF}.Debug|Any CPU.ActiveCfg = Debug|Any CPU
		{EE6B7CD6-3FCB-4269-B1C9-85ACE7851BEF}.Debug|Any CPU.Build.0 = Debug|Any CPU
		{EE6B7CD6-3FCB-4269-B1C9-85ACE7851BEF}.Release|Any CPU.ActiveCfg = Release|Any CPU
		{EE6B7CD6-3FCB-4269-B1C9-85ACE7851BEF}.Release|Any CPU.Build.0 = Release|Any CPU
		{E3B1FBA4-032E-44FA-B7D3-932D04125899}.Debug|Any CPU.ActiveCfg = Debug|Any CPU
		{E3B1FBA4-032E-44FA-B7D3-932D04125899}.Debug|Any CPU.Build.0 = Debug|Any CPU
		{E3B1FBA4-032E-44FA-B7D3-932D04125899}.Release|Any CPU.ActiveCfg = Release|Any CPU
		{E3B1FBA4-032E-44FA-B7D3-932D04125899}.Release|Any CPU.Build.0 = Release|Any CPU
		{15A2D722-8C46-49A6-8BA5-636BBABF64D8}.Debug|Any CPU.ActiveCfg = Debug|Any CPU
		{15A2D722-8C46-49A6-8BA5-636BBABF64D8}.Debug|Any CPU.Build.0 = Debug|Any CPU
		{15A2D722-8C46-49A6-8BA5-636BBABF64D8}.Release|Any CPU.ActiveCfg = Release|Any CPU
		{15A2D722-8C46-49A6-8BA5-636BBABF64D8}.Release|Any CPU.Build.0 = Release|Any CPU
		{882E2582-D3ED-4B29-95D8-44095D63BFDF}.Debug|Any CPU.ActiveCfg = Debug|Any CPU
		{882E2582-D3ED-4B29-95D8-44095D63BFDF}.Debug|Any CPU.Build.0 = Debug|Any CPU
		{882E2582-D3ED-4B29-95D8-44095D63BFDF}.Release|Any CPU.ActiveCfg = Release|Any CPU
		{882E2582-D3ED-4B29-95D8-44095D63BFDF}.Release|Any CPU.Build.0 = Release|Any CPU
		{08C23F79-540A-4DAC-B17A-A84CEE7CF99D}.Debug|Any CPU.ActiveCfg = Debug|Any CPU
		{08C23F79-540A-4DAC-B17A-A84CEE7CF99D}.Debug|Any CPU.Build.0 = Debug|Any CPU
		{08C23F79-540A-4DAC-B17A-A84CEE7CF99D}.Release|Any CPU.ActiveCfg = Release|Any CPU
		{08C23F79-540A-4DAC-B17A-A84CEE7CF99D}.Release|Any CPU.Build.0 = Release|Any CPU
	EndGlobalSection
EndGlobal
