
Microsoft Visual Studio Solution File, Format Version 12.00
# Visual Studio Version 17
VisualStudioVersion = 17.0.31903.59
MinimumVisualStudioVersion = 10.0.40219.1
Project("{FAE04EC0-301F-11D3-BF4B-00C04F79EFBC}") = "Ex01", "Ex01\Ex01.csproj", "{DB8EA650-45BB-425B-81B0-8E4D8FD8D513}"
EndProject
Project("{FAE04EC0-301F-11D3-BF4B-00C04F79EFBC}") = "Ex02", "Ex02\Ex02.csproj", "{BBE732C9-77F5-4F44-A8E2-DD26EBE065C2}"
EndProject
Project("{FAE04EC0-301F-11D3-BF4B-00C04F79EFBC}") = "Ex03", "Ex03\Ex03.csproj", "{E37D0708-9245-4D8B-AEED-2FF7B706E199}"
EndProject
Project("{FAE04EC0-301F-11D3-BF4B-00C04F79EFBC}") = "Ex05", "Ex05\Ex05.csproj", "{469656EA-7DCB-4E8F-93C0-41D65C14E516}"
EndProject
Project("{FAE04EC0-301F-11D3-BF4B-00C04F79EFBC}") = "Ex06", "Ex06\Ex06.csproj", "{9C1263EA-1996-4948-9A47-0FB4534CFDDB}"
EndProject
Project("{FAE04EC0-301F-11D3-BF4B-00C04F79EFBC}") = "Ex07", "Ex07\Ex07.csproj", "{680C58DA-92BB-48F5-8AD2-CDEF627DD0EE}"
EndProject
Project("{FAE04EC0-301F-11D3-BF4B-00C04F79EFBC}") = "Ex04", "Ex04\Ex04.csproj", "{6B3AE075-5851-4083-AC04-F653B36D7E5A}"
EndProject
Project("{FAE04EC0-301F-11D3-BF4B-00C04F79EFBC}") = "Ex08", "Ex08\Ex08.csproj", "{773843E6-D0D6-497D-92B6-3CD7EBB8C1E9}"
EndProject
Project("{FAE04EC0-301F-11D3-BF4B-00C04F79EFBC}") = "Ex09", "Ex09\Ex09.csproj", "{FB8CBD18-4846-4AD5-AD87-72DF39DFFBA5}"
EndProject
Project("{FAE04EC0-301F-11D3-BF4B-00C04F79EFBC}") = "Ex10", "Ex10\Ex10.csproj", "{BCF9D345-CBED-441E-A8FA-F30FE78652EC}"
EndProject
Project("{FAE04EC0-301F-11D3-BF4B-00C04F79EFBC}") = "Ex11", "Ex11\Ex11.csproj", "{7CEAD5AC-B84D-4361-B392-10CD7C939386}"
EndProject
Project("{FAE04EC0-301F-11D3-BF4B-00C04F79EFBC}") = "Ex12", "Ex12\Ex12.csproj", "{2FF1E9B6-9DEB-464D-B12C-038A6A19B3B0}"
EndProject
Project("{FAE04EC0-301F-11D3-BF4B-00C04F79EFBC}") = "Ex13", "Ex13\Ex13.csproj", "{79909C7E-EDD4-4A8F-9F74-7CF2A05B1F18}"
EndProject
Project("{FAE04EC0-301F-11D3-BF4B-00C04F79EFBC}") = "Ex14", "Ex14\Ex14.csproj", "{16329DF7-55E6-4A90-8686-7FA6ACD6E65C}"
EndProject
Project("{FAE04EC0-301F-11D3-BF4B-00C04F79EFBC}") = "Ex15", "Ex15\Ex15.csproj", "{4F1E05F3-8129-4320-A49B-426834B69AB3}"
EndProject
Project("{FAE04EC0-301F-11D3-BF4B-00C04F79EFBC}") = "Ex16", "Ex16\Ex16.csproj", "{0DEF03DF-DF3A-4B40-9627-43C141B23441}"
EndProject
Project("{FAE04EC0-301F-11D3-BF4B-00C04F79EFBC}") = "Ex17", "Ex17\Ex17.csproj", "{1312BF96-70AE-4D82-BAF3-886A0928EEAE}"
EndProject
Project("{FAE04EC0-301F-11D3-BF4B-00C04F79EFBC}") = "Ex18", "Ex18\Ex18.csproj", "{3B497E87-5F45-4D73-815E-34517E36C050}"
EndProject
Project("{FAE04EC0-301F-11D3-BF4B-00C04F79EFBC}") = "Ex19", "Ex19\Ex19.csproj", "{D666C3EA-B854-4373-9B0D-C2E4C3CAD14A}"
EndProject
Project("{FAE04EC0-301F-11D3-BF4B-00C04F79EFBC}") = "Ex21", "Ex21\Ex21.csproj", "{A787581E-6630-422E-8DC9-947C6353A6FA}"
EndProject
Project("{FAE04EC0-301F-11D3-BF4B-00C04F79EFBC}") = "Ex22", "Ex22\Ex22.csproj", "{9AC3EDC0-DDC9-43B4-9E41-51B72B85546B}"
EndProject
Project("{FAE04EC0-301F-11D3-BF4B-00C04F79EFBC}") = "Ex23", "Ex23\Ex23.csproj", "{9814CF53-8B3F-4E18-A0FC-815F9FFC22F7}"
EndProject
Project("{FAE04EC0-301F-11D3-BF4B-00C04F79EFBC}") = "Ex24", "Ex24\Ex24.csproj", "{E4FB23FB-04B1-4345-9323-725254B60EDD}"
EndProject
Project("{FAE04EC0-301F-11D3-BF4B-00C04F79EFBC}") = "Ex20", "Ex20\Ex20.csproj", "{ACDCC500-0FEB-4D35-8776-4DF3A2E79684}"
EndProject
Project("{FAE04EC0-301F-11D3-BF4B-00C04F79EFBC}") = "Ex25", "Ex25\Ex25.csproj", "{6092CB14-EFC1-430A-92BD-0B5DE3402EA7}"
EndProject
Project("{FAE04EC0-301F-11D3-BF4B-00C04F79EFBC}") = "Ex26", "Ex26\Ex26.csproj", "{4DEB0D7F-7801-4740-9755-2DF1099A7B3C}"
EndProject
Global
	GlobalSection(SolutionConfigurationPlatforms) = preSolution
		Debug|Any CPU = Debug|Any CPU
		Release|Any CPU = Release|Any CPU
	EndGlobalSection
	GlobalSection(SolutionProperties) = preSolution
		HideSolutionNode = FALSE
	EndGlobalSection
	GlobalSection(ProjectConfigurationPlatforms) = postSolution
		{DB8EA650-45BB-425B-81B0-8E4D8FD8D513}.Debug|Any CPU.ActiveCfg = Debug|Any CPU
		{DB8EA650-45BB-425B-81B0-8E4D8FD8D513}.Debug|Any CPU.Build.0 = Debug|Any CPU
		{DB8EA650-45BB-425B-81B0-8E4D8FD8D513}.Release|Any CPU.ActiveCfg = Release|Any CPU
		{DB8EA650-45BB-425B-81B0-8E4D8FD8D513}.Release|Any CPU.Build.0 = Release|Any CPU
		{BBE732C9-77F5-4F44-A8E2-DD26EBE065C2}.Debug|Any CPU.ActiveCfg = Debug|Any CPU
		{BBE732C9-77F5-4F44-A8E2-DD26EBE065C2}.Debug|Any CPU.Build.0 = Debug|Any CPU
		{BBE732C9-77F5-4F44-A8E2-DD26EBE065C2}.Release|Any CPU.ActiveCfg = Release|Any CPU
		{BBE732C9-77F5-4F44-A8E2-DD26EBE065C2}.Release|Any CPU.Build.0 = Release|Any CPU
		{E37D0708-9245-4D8B-AEED-2FF7B706E199}.Debug|Any CPU.ActiveCfg = Debug|Any CPU
		{E37D0708-9245-4D8B-AEED-2FF7B706E199}.Debug|Any CPU.Build.0 = Debug|Any CPU
		{E37D0708-9245-4D8B-AEED-2FF7B706E199}.Release|Any CPU.ActiveCfg = Release|Any CPU
		{E37D0708-9245-4D8B-AEED-2FF7B706E199}.Release|Any CPU.Build.0 = Release|Any CPU
		{469656EA-7DCB-4E8F-93C0-41D65C14E516}.Debug|Any CPU.ActiveCfg = Debug|Any CPU
		{469656EA-7DCB-4E8F-93C0-41D65C14E516}.Debug|Any CPU.Build.0 = Debug|Any CPU
		{469656EA-7DCB-4E8F-93C0-41D65C14E516}.Release|Any CPU.ActiveCfg = Release|Any CPU
		{469656EA-7DCB-4E8F-93C0-41D65C14E516}.Release|Any CPU.Build.0 = Release|Any CPU
		{9C1263EA-1996-4948-9A47-0FB4534CFDDB}.Debug|Any CPU.ActiveCfg = Debug|Any CPU
		{9C1263EA-1996-4948-9A47-0FB4534CFDDB}.Debug|Any CPU.Build.0 = Debug|Any CPU
		{9C1263EA-1996-4948-9A47-0FB4534CFDDB}.Release|Any CPU.ActiveCfg = Release|Any CPU
		{9C1263EA-1996-4948-9A47-0FB4534CFDDB}.Release|Any CPU.Build.0 = Release|Any CPU
		{680C58DA-92BB-48F5-8AD2-CDEF627DD0EE}.Debug|Any CPU.ActiveCfg = Debug|Any CPU
		{680C58DA-92BB-48F5-8AD2-CDEF627DD0EE}.Debug|Any CPU.Build.0 = Debug|Any CPU
		{680C58DA-92BB-48F5-8AD2-CDEF627DD0EE}.Release|Any CPU.ActiveCfg = Release|Any CPU
		{680C58DA-92BB-48F5-8AD2-CDEF627DD0EE}.Release|Any CPU.Build.0 = Release|Any CPU
		{6B3AE075-5851-4083-AC04-F653B36D7E5A}.Debug|Any CPU.ActiveCfg = Debug|Any CPU
		{6B3AE075-5851-4083-AC04-F653B36D7E5A}.Debug|Any CPU.Build.0 = Debug|Any CPU
		{6B3AE075-5851-4083-AC04-F653B36D7E5A}.Release|Any CPU.ActiveCfg = Release|Any CPU
		{6B3AE075-5851-4083-AC04-F653B36D7E5A}.Release|Any CPU.Build.0 = Release|Any CPU
		{773843E6-D0D6-497D-92B6-3CD7EBB8C1E9}.Debug|Any CPU.ActiveCfg = Debug|Any CPU
		{773843E6-D0D6-497D-92B6-3CD7EBB8C1E9}.Debug|Any CPU.Build.0 = Debug|Any CPU
		{773843E6-D0D6-497D-92B6-3CD7EBB8C1E9}.Release|Any CPU.ActiveCfg = Release|Any CPU
		{773843E6-D0D6-497D-92B6-3CD7EBB8C1E9}.Release|Any CPU.Build.0 = Release|Any CPU
		{FB8CBD18-4846-4AD5-AD87-72DF39DFFBA5}.Debug|Any CPU.ActiveCfg = Debug|Any CPU
		{FB8CBD18-4846-4AD5-AD87-72DF39DFFBA5}.Debug|Any CPU.Build.0 = Debug|Any CPU
		{FB8CBD18-4846-4AD5-AD87-72DF39DFFBA5}.Release|Any CPU.ActiveCfg = Release|Any CPU
		{FB8CBD18-4846-4AD5-AD87-72DF39DFFBA5}.Release|Any CPU.Build.0 = Release|Any CPU
		{BCF9D345-CBED-441E-A8FA-F30FE78652EC}.Debug|Any CPU.ActiveCfg = Debug|Any CPU
		{BCF9D345-CBED-441E-A8FA-F30FE78652EC}.Debug|Any CPU.Build.0 = Debug|Any CPU
		{BCF9D345-CBED-441E-A8FA-F30FE78652EC}.Release|Any CPU.ActiveCfg = Release|Any CPU
		{BCF9D345-CBED-441E-A8FA-F30FE78652EC}.Release|Any CPU.Build.0 = Release|Any CPU
		{7CEAD5AC-B84D-4361-B392-10CD7C939386}.Debug|Any CPU.ActiveCfg = Debug|Any CPU
		{7CEAD5AC-B84D-4361-B392-10CD7C939386}.Debug|Any CPU.Build.0 = Debug|Any CPU
		{7CEAD5AC-B84D-4361-B392-10CD7C939386}.Release|Any CPU.ActiveCfg = Release|Any CPU
		{7CEAD5AC-B84D-4361-B392-10CD7C939386}.Release|Any CPU.Build.0 = Release|Any CPU
		{2FF1E9B6-9DEB-464D-B12C-038A6A19B3B0}.Debug|Any CPU.ActiveCfg = Debug|Any CPU
		{2FF1E9B6-9DEB-464D-B12C-038A6A19B3B0}.Debug|Any CPU.Build.0 = Debug|Any CPU
		{2FF1E9B6-9DEB-464D-B12C-038A6A19B3B0}.Release|Any CPU.ActiveCfg = Release|Any CPU
		{2FF1E9B6-9DEB-464D-B12C-038A6A19B3B0}.Release|Any CPU.Build.0 = Release|Any CPU
		{79909C7E-EDD4-4A8F-9F74-7CF2A05B1F18}.Debug|Any CPU.ActiveCfg = Debug|Any CPU
		{79909C7E-EDD4-4A8F-9F74-7CF2A05B1F18}.Debug|Any CPU.Build.0 = Debug|Any CPU
		{79909C7E-EDD4-4A8F-9F74-7CF2A05B1F18}.Release|Any CPU.ActiveCfg = Release|Any CPU
		{79909C7E-EDD4-4A8F-9F74-7CF2A05B1F18}.Release|Any CPU.Build.0 = Release|Any CPU
		{16329DF7-55E6-4A90-8686-7FA6ACD6E65C}.Debug|Any CPU.ActiveCfg = Debug|Any CPU
		{16329DF7-55E6-4A90-8686-7FA6ACD6E65C}.Debug|Any CPU.Build.0 = Debug|Any CPU
		{16329DF7-55E6-4A90-8686-7FA6ACD6E65C}.Release|Any CPU.ActiveCfg = Release|Any CPU
		{16329DF7-55E6-4A90-8686-7FA6ACD6E65C}.Release|Any CPU.Build.0 = Release|Any CPU
		{4F1E05F3-8129-4320-A49B-426834B69AB3}.Debug|Any CPU.ActiveCfg = Debug|Any CPU
		{4F1E05F3-8129-4320-A49B-426834B69AB3}.Debug|Any CPU.Build.0 = Debug|Any CPU
		{4F1E05F3-8129-4320-A49B-426834B69AB3}.Release|Any CPU.ActiveCfg = Release|Any CPU
		{4F1E05F3-8129-4320-A49B-426834B69AB3}.Release|Any CPU.Build.0 = Release|Any CPU
		{0DEF03DF-DF3A-4B40-9627-43C141B23441}.Debug|Any CPU.ActiveCfg = Debug|Any CPU
		{0DEF03DF-DF3A-4B40-9627-43C141B23441}.Debug|Any CPU.Build.0 = Debug|Any CPU
		{0DEF03DF-DF3A-4B40-9627-43C141B23441}.Release|Any CPU.ActiveCfg = Release|Any CPU
		{0DEF03DF-DF3A-4B40-9627-43C141B23441}.Release|Any CPU.Build.0 = Release|Any CPU
		{1312BF96-70AE-4D82-BAF3-886A0928EEAE}.Debug|Any CPU.ActiveCfg = Debug|Any CPU
		{1312BF96-70AE-4D82-BAF3-886A0928EEAE}.Debug|Any CPU.Build.0 = Debug|Any CPU
		{1312BF96-70AE-4D82-BAF3-886A0928EEAE}.Release|Any CPU.ActiveCfg = Release|Any CPU
		{1312BF96-70AE-4D82-BAF3-886A0928EEAE}.Release|Any CPU.Build.0 = Release|Any CPU
		{3B497E87-5F45-4D73-815E-34517E36C050}.Debug|Any CPU.ActiveCfg = Debug|Any CPU
		{3B497E87-5F45-4D73-815E-34517E36C050}.Debug|Any CPU.Build.0 = Debug|Any CPU
		{3B497E87-5F45-4D73-815E-34517E36C050}.Release|Any CPU.ActiveCfg = Release|Any CPU
		{3B497E87-5F45-4D73-815E-34517E36C050}.Release|Any CPU.Build.0 = Release|Any CPU
		{D666C3EA-B854-4373-9B0D-C2E4C3CAD14A}.Debug|Any CPU.ActiveCfg = Debug|Any CPU
		{D666C3EA-B854-4373-9B0D-C2E4C3CAD14A}.Debug|Any CPU.Build.0 = Debug|Any CPU
		{D666C3EA-B854-4373-9B0D-C2E4C3CAD14A}.Release|Any CPU.ActiveCfg = Release|Any CPU
		{D666C3EA-B854-4373-9B0D-C2E4C3CAD14A}.Release|Any CPU.Build.0 = Release|Any CPU
		{A787581E-6630-422E-8DC9-947C6353A6FA}.Debug|Any CPU.ActiveCfg = Debug|Any CPU
		{A787581E-6630-422E-8DC9-947C6353A6FA}.Debug|Any CPU.Build.0 = Debug|Any CPU
		{A787581E-6630-422E-8DC9-947C6353A6FA}.Release|Any CPU.ActiveCfg = Release|Any CPU
		{A787581E-6630-422E-8DC9-947C6353A6FA}.Release|Any CPU.Build.0 = Release|Any CPU
		{9AC3EDC0-DDC9-43B4-9E41-51B72B85546B}.Debug|Any CPU.ActiveCfg = Debug|Any CPU
		{9AC3EDC0-DDC9-43B4-9E41-51B72B85546B}.Debug|Any CPU.Build.0 = Debug|Any CPU
		{9AC3EDC0-DDC9-43B4-9E41-51B72B85546B}.Release|Any CPU.ActiveCfg = Release|Any CPU
		{9AC3EDC0-DDC9-43B4-9E41-51B72B85546B}.Release|Any CPU.Build.0 = Release|Any CPU
		{9814CF53-8B3F-4E18-A0FC-815F9FFC22F7}.Debug|Any CPU.ActiveCfg = Debug|Any CPU
		{9814CF53-8B3F-4E18-A0FC-815F9FFC22F7}.Debug|Any CPU.Build.0 = Debug|Any CPU
		{9814CF53-8B3F-4E18-A0FC-815F9FFC22F7}.Release|Any CPU.ActiveCfg = Release|Any CPU
		{9814CF53-8B3F-4E18-A0FC-815F9FFC22F7}.Release|Any CPU.Build.0 = Release|Any CPU
		{E4FB23FB-04B1-4345-9323-725254B60EDD}.Debug|Any CPU.ActiveCfg = Debug|Any CPU
		{E4FB23FB-04B1-4345-9323-725254B60EDD}.Debug|Any CPU.Build.0 = Debug|Any CPU
		{E4FB23FB-04B1-4345-9323-725254B60EDD}.Release|Any CPU.ActiveCfg = Release|Any CPU
		{E4FB23FB-04B1-4345-9323-725254B60EDD}.Release|Any CPU.Build.0 = Release|Any CPU
		{ACDCC500-0FEB-4D35-8776-4DF3A2E79684}.Debug|Any CPU.ActiveCfg = Debug|Any CPU
		{ACDCC500-0FEB-4D35-8776-4DF3A2E79684}.Debug|Any CPU.Build.0 = Debug|Any CPU
		{ACDCC500-0FEB-4D35-8776-4DF3A2E79684}.Release|Any CPU.ActiveCfg = Release|Any CPU
		{ACDCC500-0FEB-4D35-8776-4DF3A2E79684}.Release|Any CPU.Build.0 = Release|Any CPU
		{6092CB14-EFC1-430A-92BD-0B5DE3402EA7}.Debug|Any CPU.ActiveCfg = Debug|Any CPU
		{6092CB14-EFC1-430A-92BD-0B5DE3402EA7}.Debug|Any CPU.Build.0 = Debug|Any CPU
		{6092CB14-EFC1-430A-92BD-0B5DE3402EA7}.Release|Any CPU.ActiveCfg = Release|Any CPU
		{6092CB14-EFC1-430A-92BD-0B5DE3402EA7}.Release|Any CPU.Build.0 = Release|Any CPU
		{4DEB0D7F-7801-4740-9755-2DF1099A7B3C}.Debug|Any CPU.ActiveCfg = Debug|Any CPU
		{4DEB0D7F-7801-4740-9755-2DF1099A7B3C}.Debug|Any CPU.Build.0 = Debug|Any CPU
		{4DEB0D7F-7801-4740-9755-2DF1099A7B3C}.Release|Any CPU.ActiveCfg = Release|Any CPU
		{4DEB0D7F-7801-4740-9755-2DF1099A7B3C}.Release|Any CPU.Build.0 = Release|Any CPU
	EndGlobalSection
EndGlobal
