
Microsoft Visual Studio Solution File, Format Version 12.00
# Visual Studio Version 17
VisualStudioVersion = 17.0.31903.59
MinimumVisualStudioVersion = 10.0.40219.1
Project("{FAE04EC0-301F-11D3-BF4B-00C04F79EFBC}") = "Ex01", "Ex01\Ex01.csproj", "{DB8EA650-45BB-425B-81B0-8E4D8FD8D513}"
EndProject
Project("{FAE04EC0-301F-11D3-BF4B-00C04F79EFBC}") = "Ex02", "Ex02\Ex02.csproj", "{BBE732C9-77F5-4F44-A8E2-DD26EBE065C2}"
EndProject
Project("{FAE04EC0-301F-11D3-BF4B-00C04F79EFBC}") = "Ex03", "Ex03\Ex03.csproj", "{E37D0708-9245-4D8B-AEED-2FF7B706E199}"
EndProject
Project("{FAE04EC0-301F-11D3-BF4B-00C04F79EFBC}") = "Ex05", "Ex05\Ex05.csproj", "{469656EA-7DCB-4E8F-93C0-41D65C14E516}"
EndProject
Project("{FAE04EC0-301F-11D3-BF4B-00C04F79EFBC}") = "Ex06", "Ex06\Ex06.csproj", "{9C1263EA-1996-4948-9A47-0FB4534CFDDB}"
EndProject
Project("{FAE04EC0-301F-11D3-BF4B-00C04F79EFBC}") = "Ex07", "Ex07\Ex07.csproj", "{680C58DA-92BB-48F5-8AD2-CDEF627DD0EE}"
EndProject
Project("{FAE04EC0-301F-11D3-BF4B-00C04F79EFBC}") = "Ex04", "Ex04\Ex04.csproj", "{6B3AE075-5851-4083-AC04-F653B36D7E5A}"
EndProject
Project("{FAE04EC0-301F-11D3-BF4B-00C04F79EFBC}") = "Ex08", "Ex08\Ex08.csproj", "{773843E6-D0D6-497D-92B6-3CD7EBB8C1E9}"
EndProject
Project("{FAE04EC0-301F-11D3-BF4B-00C04F79EFBC}") = "Ex09", "Ex09\Ex09.csproj", "{FB8CBD18-4846-4AD5-AD87-72DF39DFFBA5}"
EndProject
Project("{FAE04EC0-301F-11D3-BF4B-00C04F79EFBC}") = "Ex10", "Ex10\Ex10.csproj", "{BCF9D345-CBED-441E-A8FA-F30FE78652EC}"
EndProject
Project("{FAE04EC0-301F-11D3-BF4B-00C04F79EFBC}") = "Ex11", "Ex11\Ex11.csproj", "{7CEAD5AC-B84D-4361-B392-10CD7C939386}"
EndProject
Project("{FAE04EC0-301F-11D3-BF4B-00C04F79EFBC}") = "Ex12", "Ex12\Ex12.csproj", "{2FF1E9B6-9DEB-464D-B12C-038A6A19B3B0}"
EndProject
Project("{FAE04EC0-301F-11D3-BF4B-00C04F79EFBC}") = "Ex13", "Ex13\Ex13.csproj", "{79909C7E-EDD4-4A8F-9F74-7CF2A05B1F18}"
EndProject
Project("{FAE04EC0-301F-11D3-BF4B-00C04F79EFBC}") = "Ex14", "Ex14\Ex14.csproj", "{16329DF7-55E6-4A90-8686-7FA6ACD6E65C}"
EndProject
Project("{FAE04EC0-301F-11D3-BF4B-00C04F79EFBC}") = "Ex15", "Ex15\Ex15.csproj", "{4F1E05F3-8129-4320-A49B-426834B69AB3}"
EndProject
Project("{FAE04EC0-301F-11D3-BF4B-00C04F79EFBC}") = "Ex16", "Ex16\Ex16.csproj", "{0DEF03DF-DF3A-4B40-9627-43C141B23441}"
EndProject
Global
	GlobalSection(SolutionConfigurationPlatforms) = preSolution
		Debug|Any CPU = Debug|Any CPU
		Release|Any CPU = Release|Any CPU
	EndGlobalSection
	GlobalSection(SolutionProperties) = preSolution
		HideSolutionNode = FALSE
	EndGlobalSection
	GlobalSection(ProjectConfigurationPlatforms) = postSolution
		{DB8EA650-45BB-425B-81B0-8E4D8FD8D513}.Debug|Any CPU.ActiveCfg = Debug|Any CPU
		{DB8EA650-45BB-425B-81B0-8E4D8FD8D513}.Debug|Any CPU.Build.0 = Debug|Any CPU
		{DB8EA650-45BB-425B-81B0-8E4D8FD8D513}.Release|Any CPU.ActiveCfg = Release|Any CPU
		{DB8EA650-45BB-425B-81B0-8E4D8FD8D513}.Release|Any CPU.Build.0 = Release|Any CPU
		{BBE732C9-77F5-4F44-A8E2-DD26EBE065C2}.Debug|Any CPU.ActiveCfg = Debug|Any CPU
		{BBE732C9-77F5-4F44-A8E2-DD26EBE065C2}.Debug|Any CPU.Build.0 = Debug|Any CPU
		{BBE732C9-77F5-4F44-A8E2-DD26EBE065C2}.Release|Any CPU.ActiveCfg = Release|Any CPU
		{BBE732C9-77F5-4F44-A8E2-DD26EBE065C2}.Release|Any CPU.Build.0 = Release|Any CPU
		{E37D0708-9245-4D8B-AEED-2FF7B706E199}.Debug|Any CPU.ActiveCfg = Debug|Any CPU
		{E37D0708-9245-4D8B-AEED-2FF7B706E199}.Debug|Any CPU.Build.0 = Debug|Any CPU
		{E37D0708-9245-4D8B-AEED-2FF7B706E199}.Release|Any CPU.ActiveCfg = Release|Any CPU
		{E37D0708-9245-4D8B-AEED-2FF7B706E199}.Release|Any CPU.Build.0 = Release|Any CPU
		{469656EA-7DCB-4E8F-93C0-41D65C14E516}.Debug|Any CPU.ActiveCfg = Debug|Any CPU
		{469656EA-7DCB-4E8F-93C0-41D65C14E516}.Debug|Any CPU.Build.0 = Debug|Any CPU
		{469656EA-7DCB-4E8F-93C0-41D65C14E516}.Release|Any CPU.ActiveCfg = Release|Any CPU
		{469656EA-7DCB-4E8F-93C0-41D65C14E516}.Release|Any CPU.Build.0 = Release|Any CPU
		{9C1263EA-1996-4948-9A47-0FB4534CFDDB}.Debug|Any CPU.ActiveCfg = Debug|Any CPU
		{9C1263EA-1996-4948-9A47-0FB4534CFDDB}.Debug|Any CPU.Build.0 = Debug|Any CPU
		{9C1263EA-1996-4948-9A47-0FB4534CFDDB}.Release|Any CPU.ActiveCfg = Release|Any CPU
		{9C1263EA-1996-4948-9A47-0FB4534CFDDB}.Release|Any CPU.Build.0 = Release|Any CPU
		{680C58DA-92BB-48F5-8AD2-CDEF627DD0EE}.Debug|Any CPU.ActiveCfg = Debug|Any CPU
		{680C58DA-92BB-48F5-8AD2-CDEF627DD0EE}.Debug|Any CPU.Build.0 = Debug|Any CPU
		{680C58DA-92BB-48F5-8AD2-CDEF627DD0EE}.Release|Any CPU.ActiveCfg = Release|Any CPU
		{680C58DA-92BB-48F5-8AD2-CDEF627DD0EE}.Release|Any CPU.Build.0 = Release|Any CPU
		{6B3AE075-5851-4083-AC04-F653B36D7E5A}.Debug|Any CPU.ActiveCfg = Debug|Any CPU
		{6B3AE075-5851-4083-AC04-F653B36D7E5A}.Debug|Any CPU.Build.0 = Debug|Any CPU
		{6B3AE075-5851-4083-AC04-F653B36D7E5A}.Release|Any CPU.ActiveCfg = Release|Any CPU
		{6B3AE075-5851-4083-AC04-F653B36D7E5A}.Release|Any CPU.Build.0 = Release|Any CPU
		{773843E6-D0D6-497D-92B6-3CD7EBB8C1E9}.Debug|Any CPU.ActiveCfg = Debug|Any CPU
		{773843E6-D0D6-497D-92B6-3CD7EBB8C1E9}.Debug|Any CPU.Build.0 = Debug|Any CPU
		{773843E6-D0D6-497D-92B6-3CD7EBB8C1E9}.Release|Any CPU.ActiveCfg = Release|Any CPU
		{773843E6-D0D6-497D-92B6-3CD7EBB8C1E9}.Release|Any CPU.Build.0 = Release|Any CPU
		{FB8CBD18-4846-4AD5-AD87-72DF39DFFBA5}.Debug|Any CPU.ActiveCfg = Debug|Any CPU
		{FB8CBD18-4846-4AD5-AD87-72DF39DFFBA5}.Debug|Any CPU.Build.0 = Debug|Any CPU
		{FB8CBD18-4846-4AD5-AD87-72DF39DFFBA5}.Release|Any CPU.ActiveCfg = Release|Any CPU
		{FB8CBD18-4846-4AD5-AD87-72DF39DFFBA5}.Release|Any CPU.Build.0 = Release|Any CPU
		{BCF9D345-CBED-441E-A8FA-F30FE78652EC}.Debug|Any CPU.ActiveCfg = Debug|Any CPU
		{BCF9D345-CBED-441E-A8FA-F30FE78652EC}.Debug|Any CPU.Build.0 = Debug|Any CPU
		{BCF9D345-CBED-441E-A8FA-F30FE78652EC}.Release|Any CPU.ActiveCfg = Release|Any CPU
		{BCF9D345-CBED-441E-A8FA-F30FE78652EC}.Release|Any CPU.Build.0 = Release|Any CPU
		{7CEAD5AC-B84D-4361-B392-10CD7C939386}.Debug|Any CPU.ActiveCfg = Debug|Any CPU
		{7CEAD5AC-B84D-4361-B392-10CD7C939386}.Debug|Any CPU.Build.0 = Debug|Any CPU
		{7CEAD5AC-B84D-4361-B392-10CD7C939386}.Release|Any CPU.ActiveCfg = Release|Any CPU
		{7CEAD5AC-B84D-4361-B392-10CD7C939386}.Release|Any CPU.Build.0 = Release|Any CPU
		{2FF1E9B6-9DEB-464D-B12C-038A6A19B3B0}.Debug|Any CPU.ActiveCfg = Debug|Any CPU
		{2FF1E9B6-9DEB-464D-B12C-038A6A19B3B0}.Debug|Any CPU.Build.0 = Debug|Any CPU
		{2FF1E9B6-9DEB-464D-B12C-038A6A19B3B0}.Release|Any CPU.ActiveCfg = Release|Any CPU
		{2FF1E9B6-9DEB-464D-B12C-038A6A19B3B0}.Release|Any CPU.Build.0 = Release|Any CPU
		{79909C7E-EDD4-4A8F-9F74-7CF2A05B1F18}.Debug|Any CPU.ActiveCfg = Debug|Any CPU
		{79909C7E-EDD4-4A8F-9F74-7CF2A05B1F18}.Debug|Any CPU.Build.0 = Debug|Any CPU
		{79909C7E-EDD4-4A8F-9F74-7CF2A05B1F18}.Release|Any CPU.ActiveCfg = Release|Any CPU
		{79909C7E-EDD4-4A8F-9F74-7CF2A05B1F18}.Release|Any CPU.Build.0 = Release|Any CPU
		{16329DF7-55E6-4A90-8686-7FA6ACD6E65C}.Debug|Any CPU.ActiveCfg = Debug|Any CPU
		{16329DF7-55E6-4A90-8686-7FA6ACD6E65C}.Debug|Any CPU.Build.0 = Debug|Any CPU
		{16329DF7-55E6-4A90-8686-7FA6ACD6E65C}.Release|Any CPU.ActiveCfg = Release|Any CPU
		{16329DF7-55E6-4A90-8686-7FA6ACD6E65C}.Release|Any CPU.Build.0 = Release|Any CPU
		{4F1E05F3-8129-4320-A49B-426834B69AB3}.Debug|Any CPU.ActiveCfg = Debug|Any CPU
		{4F1E05F3-8129-4320-A49B-426834B69AB3}.Debug|Any CPU.Build.0 = Debug|Any CPU
		{4F1E05F3-8129-4320-A49B-426834B69AB3}.Release|Any CPU.ActiveCfg = Release|Any CPU
		{4F1E05F3-8129-4320-A49B-426834B69AB3}.Release|Any CPU.Build.0 = Release|Any CPU
		{0DEF03DF-DF3A-4B40-9627-43C141B23441}.Debug|Any CPU.ActiveCfg = Debug|Any CPU
		{0DEF03DF-DF3A-4B40-9627-43C141B23441}.Debug|Any CPU.Build.0 = Debug|Any CPU
		{0DEF03DF-DF3A-4B40-9627-43C141B23441}.Release|Any CPU.ActiveCfg = Release|Any CPU
		{0DEF03DF-DF3A-4B40-9627-43C141B23441}.Release|Any CPU.Build.0 = Release|Any CPU
	EndGlobalSection
EndGlobal
